
Microsoft Visual Studio Solution File, Format Version 12.00
# Visual Studio Version 17
VisualStudioVersion = 17.10.35013.160
MinimumVisualStudioVersion = 10.0.40219.1
Project("{FAE04EC0-301F-11D3-BF4B-00C04F79EFBC}") = "SimpleEventWithParameterUsingArgs", "SimpleEventWithParameterUsingArgs.csproj", "{291776DD-3E56-4F99-9305-BAE577AB9445}"
EndProject
Global
	GlobalSection(SolutionConfigurationPlatforms) = preSolution
		Debug|Any CPU = Debug|Any CPU
		Release|Any CPU = Release|Any CPU
	EndGlobalSection
	GlobalSection(ProjectConfigurationPlatforms) = postSolution
		{291776DD-3E56-4F99-9305-BAE577AB9445}.Debug|Any CPU.ActiveCfg = Debug|Any CPU
		{291776DD-3E56-4F99-9305-BAE577AB9445}.Debug|Any CPU.Build.0 = Debug|Any CPU
		{291776DD-3E56-4F99-9305-BAE577AB9445}.Release|Any CPU.ActiveCfg = Release|Any CPU
		{291776DD-3E56-4F99-9305-BAE577AB9445}.Release|Any CPU.Build.0 = Release|Any CPU
	EndGlobalSection
	GlobalSection(SolutionProperties) = preSolution
		HideSolutionNode = FALSE
	EndGlobalSection
	GlobalSection(ExtensibilityGlobals) = postSolution
		SolutionGuid = {18DE67E9-1B45-4C8D-A751-D226F4CC5AD9}
	EndGlobalSection
EndGlobal
