
Microsoft Visual Studio Solution File, Format Version 12.00
# Visual Studio Version 17
VisualStudioVersion = 17.10.35013.160
MinimumVisualStudioVersion = 10.0.40219.1
Project("{FAE04EC0-301F-11D3-BF4B-00C04F79EFBC}") = "PredicateDelegate", "PredicateDelegate.csproj", "{831B8F81-B0A8-449E-96EC-6B065195D856}"
EndProject
Global
	GlobalSection(SolutionConfigurationPlatforms) = preSolution
		Debug|Any CPU = Debug|Any CPU
		Release|Any CPU = Release|Any CPU
	EndGlobalSection
	GlobalSection(ProjectConfigurationPlatforms) = postSolution
		{831B8F81-B0A8-449E-96EC-6B065195D856}.Debug|Any CPU.ActiveCfg = Debug|Any CPU
		{831B8F81-B0A8-449E-96EC-6B065195D856}.Debug|Any CPU.Build.0 = Debug|Any CPU
		{831B8F81-B0A8-449E-96EC-6B065195D856}.Release|Any CPU.ActiveCfg = Release|Any CPU
		{831B8F81-B0A8-449E-96EC-6B065195D856}.Release|Any CPU.Build.0 = Release|Any CPU
	EndGlobalSection
	GlobalSection(SolutionProperties) = preSolution
		HideSolutionNode = FALSE
	EndGlobalSection
	GlobalSection(ExtensibilityGlobals) = postSolution
		SolutionGuid = {321C586F-910D-4B01-AB37-5C2DF006411A}
	EndGlobalSection
EndGlobal
