
Microsoft Visual Studio Solution File, Format Version 12.00
# Visual Studio Version 17
VisualStudioVersion = 17.10.35013.160
MinimumVisualStudioVersion = 10.0.40219.1
Project("{FAE04EC0-301F-11D3-BF4B-00C04F79EFBC}") = "FirstRESTProject", "FirstRESTProject.csproj", "{04AB8284-E9CF-4373-87FA-12D7302D0974}"
EndProject
Global
	GlobalSection(SolutionConfigurationPlatforms) = preSolution
		Debug|Any CPU = Debug|Any CPU
		Release|Any CPU = Release|Any CPU
	EndGlobalSection
	GlobalSection(ProjectConfigurationPlatforms) = postSolution
		{04AB8284-E9CF-4373-87FA-12D7302D0974}.Debug|Any CPU.ActiveCfg = Debug|Any CPU
		{04AB8284-E9CF-4373-87FA-12D7302D0974}.Debug|Any CPU.Build.0 = Debug|Any CPU
		{04AB8284-E9CF-4373-87FA-12D7302D0974}.Release|Any CPU.ActiveCfg = Release|Any CPU
		{04AB8284-E9CF-4373-87FA-12D7302D0974}.Release|Any CPU.Build.0 = Release|Any CPU
	EndGlobalSection
	GlobalSection(SolutionProperties) = preSolution
		HideSolutionNode = FALSE
	EndGlobalSection
	GlobalSection(ExtensibilityGlobals) = postSolution
		SolutionGuid = {B82EA295-516B-4AD3-B8AF-ABE9400A6F12}
	EndGlobalSection
EndGlobal
