
Microsoft Visual Studio Solution File, Format Version 12.00
# Visual Studio Version 17
VisualStudioVersion = 17.10.35013.160
MinimumVisualStudioVersion = 10.0.40219.1
Project("{FAE04EC0-301F-11D3-BF4B-00C04F79EFBC}") = "00 JaggedArray", "JaggedArray\00 JaggedArray.csproj", "{20606F52-B38C-4FCF-A313-86E8C3A9DE92}"
EndProject
Project("{FAE04EC0-301F-11D3-BF4B-00C04F79EFBC}") = "01 JaggedArrayWithLinq", "JaggedArrayWithLinq\01 JaggedArrayWithLinq.csproj", "{6632B07A-7212-4667-8B99-5630B399BE6E}"
EndProject
Global
	GlobalSection(SolutionConfigurationPlatforms) = preSolution
		Debug|Any CPU = Debug|Any CPU
		Release|Any CPU = Release|Any CPU
	EndGlobalSection
	GlobalSection(ProjectConfigurationPlatforms) = postSolution
		{20606F52-B38C-4FCF-A313-86E8C3A9DE92}.Debug|Any CPU.ActiveCfg = Debug|Any CPU
		{20606F52-B38C-4FCF-A313-86E8C3A9DE92}.Debug|Any CPU.Build.0 = Debug|Any CPU
		{20606F52-B38C-4FCF-A313-86E8C3A9DE92}.Release|Any CPU.ActiveCfg = Release|Any CPU
		{20606F52-B38C-4FCF-A313-86E8C3A9DE92}.Release|Any CPU.Build.0 = Release|Any CPU
		{6632B07A-7212-4667-8B99-5630B399BE6E}.Debug|Any CPU.ActiveCfg = Debug|Any CPU
		{6632B07A-7212-4667-8B99-5630B399BE6E}.Debug|Any CPU.Build.0 = Debug|Any CPU
		{6632B07A-7212-4667-8B99-5630B399BE6E}.Release|Any CPU.ActiveCfg = Release|Any CPU
		{6632B07A-7212-4667-8B99-5630B399BE6E}.Release|Any CPU.Build.0 = Release|Any CPU
	EndGlobalSection
	GlobalSection(SolutionProperties) = preSolution
		HideSolutionNode = FALSE
	EndGlobalSection
	GlobalSection(ExtensibilityGlobals) = postSolution
		SolutionGuid = {A820B8E4-AE1A-42BA-90D0-2B40358C646A}
	EndGlobalSection
EndGlobal
