
Microsoft Visual Studio Solution File, Format Version 12.00
# Visual Studio Version 17
VisualStudioVersion = 17.10.35013.160
MinimumVisualStudioVersion = 10.0.40219.1
Project("{FAE04EC0-301F-11D3-BF4B-00C04F79EFBC}") = "StudentAPI", "StudentAPI.csproj", "{9AEAD9EE-1496-401B-917A-5F621854FCCB}"
EndProject
Global
	GlobalSection(SolutionConfigurationPlatforms) = preSolution
		Debug|Any CPU = Debug|Any CPU
		Release|Any CPU = Release|Any CPU
	EndGlobalSection
	GlobalSection(ProjectConfigurationPlatforms) = postSolution
		{9AEAD9EE-1496-401B-917A-5F621854FCCB}.Debug|Any CPU.ActiveCfg = Debug|Any CPU
		{9AEAD9EE-1496-401B-917A-5F621854FCCB}.Debug|Any CPU.Build.0 = Debug|Any CPU
		{9AEAD9EE-1496-401B-917A-5F621854FCCB}.Release|Any CPU.ActiveCfg = Release|Any CPU
		{9AEAD9EE-1496-401B-917A-5F621854FCCB}.Release|Any CPU.Build.0 = Release|Any CPU
	EndGlobalSection
	GlobalSection(SolutionProperties) = preSolution
		HideSolutionNode = FALSE
	EndGlobalSection
	GlobalSection(ExtensibilityGlobals) = postSolution
		SolutionGuid = {646FD712-44DC-4476-AC0E-5FB22FCEA269}
	EndGlobalSection
EndGlobal
