
Microsoft Visual Studio Solution File, Format Version 12.00
# Visual Studio Version 17
VisualStudioVersion = 17.8.34408.163
MinimumVisualStudioVersion = 10.0.40219.1
Project("{8BC9CEB8-8B4A-11D0-8D11-00A0C91BC942}") = "P1", "P1.vcxproj", "{FF3CDAB6-A223-4D09-AB6D-40EE80B958CB}"
EndProject
Project("{8BC9CEB8-8B4A-11D0-8D11-00A0C91BC942}") = "P2", "..\P2\P2.vcxproj", "{DE86ECB3-0DF2-46A7-9262-57B38137B412}"
EndProject
Project("{8BC9CEB8-8B4A-11D0-8D11-00A0C91BC942}") = "P3", "..\P3\P3.vcxproj", "{38F2B191-5CF6-40B1-A5E1-2AC93BA74C8C}"
EndProject
Project("{8BC9CEB8-8B4A-11D0-8D11-00A0C91BC942}") = "P4", "..\P4\P4.vcxproj", "{B4CD5AF2-557F-4145-B446-2439CEBC2FDF}"
EndProject
Project("{8BC9CEB8-8B4A-11D0-8D11-00A0C91BC942}") = "P5", "..\P5\P5.vcxproj", "{C1279D7C-8B2A-41CC-8397-7725B9AA0616}"
EndProject
Project("{8BC9CEB8-8B4A-11D0-8D11-00A0C91BC942}") = "P6", "..\P6\P6.vcxproj", "{C8E1C4AE-F9DD-4BC6-9CC5-361240A39A1B}"
EndProject
Project("{8BC9CEB8-8B4A-11D0-8D11-00A0C91BC942}") = "P7", "..\P7\P7.vcxproj", "{C7DF3BC3-E645-4CF5-AD7D-D7F70F4EDF72}"
EndProject
Project("{8BC9CEB8-8B4A-11D0-8D11-00A0C91BC942}") = "P8", "..\P8\P8.vcxproj", "{4AE9AFF2-BB93-480B-A372-E17EDD3021FB}"
EndProject
Project("{8BC9CEB8-8B4A-11D0-8D11-00A0C91BC942}") = "P9", "..\P9\P9.vcxproj", "{A7F3122A-BA24-46BC-B147-76DAD954EE3D}"
EndProject
Project("{8BC9CEB8-8B4A-11D0-8D11-00A0C91BC942}") = "P10", "..\P10\P10.vcxproj", "{A74163EB-6C51-4F2B-A0B8-000A5359144B}"
EndProject
Project("{8BC9CEB8-8B4A-11D0-8D11-00A0C91BC942}") = "P11", "..\P11\P11.vcxproj", "{AB08DB18-7F23-492E-99DD-EBE3A8E135A7}"
EndProject
Project("{8BC9CEB8-8B4A-11D0-8D11-00A0C91BC942}") = "P12", "..\P12\P12.vcxproj", "{24647730-F850-4634-A63B-C3B4928ED950}"
EndProject
Project("{8BC9CEB8-8B4A-11D0-8D11-00A0C91BC942}") = "P13", "..\P13\P13.vcxproj", "{102985A7-C01B-4FA4-8660-3A7D7A6994B9}"
EndProject
Project("{8BC9CEB8-8B4A-11D0-8D11-00A0C91BC942}") = "P14", "..\P14\P14.vcxproj", "{4AF94666-A845-4DE1-A796-AD1AF25822B7}"
EndProject
Project("{8BC9CEB8-8B4A-11D0-8D11-00A0C91BC942}") = "P15", "..\P15\P15.vcxproj", "{4FD42A13-3F7A-42F3-9327-4E359D6D962C}"
EndProject
Global
	GlobalSection(SolutionConfigurationPlatforms) = preSolution
		Debug|x64 = Debug|x64
		Debug|x86 = Debug|x86
		Release|x64 = Release|x64
		Release|x86 = Release|x86
	EndGlobalSection
	GlobalSection(ProjectConfigurationPlatforms) = postSolution
		{FF3CDAB6-A223-4D09-AB6D-40EE80B958CB}.Debug|x64.ActiveCfg = Debug|x64
		{FF3CDAB6-A223-4D09-AB6D-40EE80B958CB}.Debug|x64.Build.0 = Debug|x64
		{FF3CDAB6-A223-4D09-AB6D-40EE80B958CB}.Debug|x86.ActiveCfg = Debug|Win32
		{FF3CDAB6-A223-4D09-AB6D-40EE80B958CB}.Debug|x86.Build.0 = Debug|Win32
		{FF3CDAB6-A223-4D09-AB6D-40EE80B958CB}.Release|x64.ActiveCfg = Release|x64
		{FF3CDAB6-A223-4D09-AB6D-40EE80B958CB}.Release|x64.Build.0 = Release|x64
		{FF3CDAB6-A223-4D09-AB6D-40EE80B958CB}.Release|x86.ActiveCfg = Release|Win32
		{FF3CDAB6-A223-4D09-AB6D-40EE80B958CB}.Release|x86.Build.0 = Release|Win32
		{DE86ECB3-0DF2-46A7-9262-57B38137B412}.Debug|x64.ActiveCfg = Debug|x64
		{DE86ECB3-0DF2-46A7-9262-57B38137B412}.Debug|x64.Build.0 = Debug|x64
		{DE86ECB3-0DF2-46A7-9262-57B38137B412}.Debug|x86.ActiveCfg = Debug|Win32
		{DE86ECB3-0DF2-46A7-9262-57B38137B412}.Debug|x86.Build.0 = Debug|Win32
		{DE86ECB3-0DF2-46A7-9262-57B38137B412}.Release|x64.ActiveCfg = Release|x64
		{DE86ECB3-0DF2-46A7-9262-57B38137B412}.Release|x64.Build.0 = Release|x64
		{DE86ECB3-0DF2-46A7-9262-57B38137B412}.Release|x86.ActiveCfg = Release|Win32
		{DE86ECB3-0DF2-46A7-9262-57B38137B412}.Release|x86.Build.0 = Release|Win32
		{38F2B191-5CF6-40B1-A5E1-2AC93BA74C8C}.Debug|x64.ActiveCfg = Debug|x64
		{38F2B191-5CF6-40B1-A5E1-2AC93BA74C8C}.Debug|x64.Build.0 = Debug|x64
		{38F2B191-5CF6-40B1-A5E1-2AC93BA74C8C}.Debug|x86.ActiveCfg = Debug|Win32
		{38F2B191-5CF6-40B1-A5E1-2AC93BA74C8C}.Debug|x86.Build.0 = Debug|Win32
		{38F2B191-5CF6-40B1-A5E1-2AC93BA74C8C}.Release|x64.ActiveCfg = Release|x64
		{38F2B191-5CF6-40B1-A5E1-2AC93BA74C8C}.Release|x64.Build.0 = Release|x64
		{38F2B191-5CF6-40B1-A5E1-2AC93BA74C8C}.Release|x86.ActiveCfg = Release|Win32
		{38F2B191-5CF6-40B1-A5E1-2AC93BA74C8C}.Release|x86.Build.0 = Release|Win32
		{B4CD5AF2-557F-4145-B446-2439CEBC2FDF}.Debug|x64.ActiveCfg = Debug|x64
		{B4CD5AF2-557F-4145-B446-2439CEBC2FDF}.Debug|x64.Build.0 = Debug|x64
		{B4CD5AF2-557F-4145-B446-2439CEBC2FDF}.Debug|x86.ActiveCfg = Debug|Win32
		{B4CD5AF2-557F-4145-B446-2439CEBC2FDF}.Debug|x86.Build.0 = Debug|Win32
		{B4CD5AF2-557F-4145-B446-2439CEBC2FDF}.Release|x64.ActiveCfg = Release|x64
		{B4CD5AF2-557F-4145-B446-2439CEBC2FDF}.Release|x64.Build.0 = Release|x64
		{B4CD5AF2-557F-4145-B446-2439CEBC2FDF}.Release|x86.ActiveCfg = Release|Win32
		{B4CD5AF2-557F-4145-B446-2439CEBC2FDF}.Release|x86.Build.0 = Release|Win32
		{C1279D7C-8B2A-41CC-8397-7725B9AA0616}.Debug|x64.ActiveCfg = Debug|x64
		{C1279D7C-8B2A-41CC-8397-7725B9AA0616}.Debug|x64.Build.0 = Debug|x64
		{C1279D7C-8B2A-41CC-8397-7725B9AA0616}.Debug|x86.ActiveCfg = Debug|Win32
		{C1279D7C-8B2A-41CC-8397-7725B9AA0616}.Debug|x86.Build.0 = Debug|Win32
		{C1279D7C-8B2A-41CC-8397-7725B9AA0616}.Release|x64.ActiveCfg = Release|x64
		{C1279D7C-8B2A-41CC-8397-7725B9AA0616}.Release|x64.Build.0 = Release|x64
		{C1279D7C-8B2A-41CC-8397-7725B9AA0616}.Release|x86.ActiveCfg = Release|Win32
		{C1279D7C-8B2A-41CC-8397-7725B9AA0616}.Release|x86.Build.0 = Release|Win32
		{C8E1C4AE-F9DD-4BC6-9CC5-361240A39A1B}.Debug|x64.ActiveCfg = Debug|x64
		{C8E1C4AE-F9DD-4BC6-9CC5-361240A39A1B}.Debug|x64.Build.0 = Debug|x64
		{C8E1C4AE-F9DD-4BC6-9CC5-361240A39A1B}.Debug|x86.ActiveCfg = Debug|Win32
		{C8E1C4AE-F9DD-4BC6-9CC5-361240A39A1B}.Debug|x86.Build.0 = Debug|Win32
		{C8E1C4AE-F9DD-4BC6-9CC5-361240A39A1B}.Release|x64.ActiveCfg = Release|x64
		{C8E1C4AE-F9DD-4BC6-9CC5-361240A39A1B}.Release|x64.Build.0 = Release|x64
		{C8E1C4AE-F9DD-4BC6-9CC5-361240A39A1B}.Release|x86.ActiveCfg = Release|Win32
		{C8E1C4AE-F9DD-4BC6-9CC5-361240A39A1B}.Release|x86.Build.0 = Release|Win32
		{C7DF3BC3-E645-4CF5-AD7D-D7F70F4EDF72}.Debug|x64.ActiveCfg = Debug|x64
		{C7DF3BC3-E645-4CF5-AD7D-D7F70F4EDF72}.Debug|x64.Build.0 = Debug|x64
		{C7DF3BC3-E645-4CF5-AD7D-D7F70F4EDF72}.Debug|x86.ActiveCfg = Debug|Win32
		{C7DF3BC3-E645-4CF5-AD7D-D7F70F4EDF72}.Debug|x86.Build.0 = Debug|Win32
		{C7DF3BC3-E645-4CF5-AD7D-D7F70F4EDF72}.Release|x64.ActiveCfg = Release|x64
		{C7DF3BC3-E645-4CF5-AD7D-D7F70F4EDF72}.Release|x64.Build.0 = Release|x64
		{C7DF3BC3-E645-4CF5-AD7D-D7F70F4EDF72}.Release|x86.ActiveCfg = Release|Win32
		{C7DF3BC3-E645-4CF5-AD7D-D7F70F4EDF72}.Release|x86.Build.0 = Release|Win32
		{4AE9AFF2-BB93-480B-A372-E17EDD3021FB}.Debug|x64.ActiveCfg = Debug|x64
		{4AE9AFF2-BB93-480B-A372-E17EDD3021FB}.Debug|x64.Build.0 = Debug|x64
		{4AE9AFF2-BB93-480B-A372-E17EDD3021FB}.Debug|x86.ActiveCfg = Debug|Win32
		{4AE9AFF2-BB93-480B-A372-E17EDD3021FB}.Debug|x86.Build.0 = Debug|Win32
		{4AE9AFF2-BB93-480B-A372-E17EDD3021FB}.Release|x64.ActiveCfg = Release|x64
		{4AE9AFF2-BB93-480B-A372-E17EDD3021FB}.Release|x64.Build.0 = Release|x64
		{4AE9AFF2-BB93-480B-A372-E17EDD3021FB}.Release|x86.ActiveCfg = Release|Win32
		{4AE9AFF2-BB93-480B-A372-E17EDD3021FB}.Release|x86.Build.0 = Release|Win32
		{A7F3122A-BA24-46BC-B147-76DAD954EE3D}.Debug|x64.ActiveCfg = Debug|x64
		{A7F3122A-BA24-46BC-B147-76DAD954EE3D}.Debug|x64.Build.0 = Debug|x64
		{A7F3122A-BA24-46BC-B147-76DAD954EE3D}.Debug|x86.ActiveCfg = Debug|Win32
		{A7F3122A-BA24-46BC-B147-76DAD954EE3D}.Debug|x86.Build.0 = Debug|Win32
		{A7F3122A-BA24-46BC-B147-76DAD954EE3D}.Release|x64.ActiveCfg = Release|x64
		{A7F3122A-BA24-46BC-B147-76DAD954EE3D}.Release|x64.Build.0 = Release|x64
		{A7F3122A-BA24-46BC-B147-76DAD954EE3D}.Release|x86.ActiveCfg = Release|Win32
		{A7F3122A-BA24-46BC-B147-76DAD954EE3D}.Release|x86.Build.0 = Release|Win32
		{A74163EB-6C51-4F2B-A0B8-000A5359144B}.Debug|x64.ActiveCfg = Debug|x64
		{A74163EB-6C51-4F2B-A0B8-000A5359144B}.Debug|x64.Build.0 = Debug|x64
		{A74163EB-6C51-4F2B-A0B8-000A5359144B}.Debug|x86.ActiveCfg = Debug|Win32
		{A74163EB-6C51-4F2B-A0B8-000A5359144B}.Debug|x86.Build.0 = Debug|Win32
		{A74163EB-6C51-4F2B-A0B8-000A5359144B}.Release|x64.ActiveCfg = Release|x64
		{A74163EB-6C51-4F2B-A0B8-000A5359144B}.Release|x64.Build.0 = Release|x64
		{A74163EB-6C51-4F2B-A0B8-000A5359144B}.Release|x86.ActiveCfg = Release|Win32
		{A74163EB-6C51-4F2B-A0B8-000A5359144B}.Release|x86.Build.0 = Release|Win32
		{AB08DB18-7F23-492E-99DD-EBE3A8E135A7}.Debug|x64.ActiveCfg = Debug|x64
		{AB08DB18-7F23-492E-99DD-EBE3A8E135A7}.Debug|x64.Build.0 = Debug|x64
		{AB08DB18-7F23-492E-99DD-EBE3A8E135A7}.Debug|x86.ActiveCfg = Debug|Win32
		{AB08DB18-7F23-492E-99DD-EBE3A8E135A7}.Debug|x86.Build.0 = Debug|Win32
		{AB08DB18-7F23-492E-99DD-EBE3A8E135A7}.Release|x64.ActiveCfg = Release|x64
		{AB08DB18-7F23-492E-99DD-EBE3A8E135A7}.Release|x64.Build.0 = Release|x64
		{AB08DB18-7F23-492E-99DD-EBE3A8E135A7}.Release|x86.ActiveCfg = Release|Win32
		{AB08DB18-7F23-492E-99DD-EBE3A8E135A7}.Release|x86.Build.0 = Release|Win32
		{24647730-F850-4634-A63B-C3B4928ED950}.Debug|x64.ActiveCfg = Debug|x64
		{24647730-F850-4634-A63B-C3B4928ED950}.Debug|x64.Build.0 = Debug|x64
		{24647730-F850-4634-A63B-C3B4928ED950}.Debug|x86.ActiveCfg = Debug|Win32
		{24647730-F850-4634-A63B-C3B4928ED950}.Debug|x86.Build.0 = Debug|Win32
		{24647730-F850-4634-A63B-C3B4928ED950}.Release|x64.ActiveCfg = Release|x64
		{24647730-F850-4634-A63B-C3B4928ED950}.Release|x64.Build.0 = Release|x64
		{24647730-F850-4634-A63B-C3B4928ED950}.Release|x86.ActiveCfg = Release|Win32
		{24647730-F850-4634-A63B-C3B4928ED950}.Release|x86.Build.0 = Release|Win32
		{102985A7-C01B-4FA4-8660-3A7D7A6994B9}.Debug|x64.ActiveCfg = Debug|x64
		{102985A7-C01B-4FA4-8660-3A7D7A6994B9}.Debug|x64.Build.0 = Debug|x64
		{102985A7-C01B-4FA4-8660-3A7D7A6994B9}.Debug|x86.ActiveCfg = Debug|Win32
		{102985A7-C01B-4FA4-8660-3A7D7A6994B9}.Debug|x86.Build.0 = Debug|Win32
		{102985A7-C01B-4FA4-8660-3A7D7A6994B9}.Release|x64.ActiveCfg = Release|x64
		{102985A7-C01B-4FA4-8660-3A7D7A6994B9}.Release|x64.Build.0 = Release|x64
		{102985A7-C01B-4FA4-8660-3A7D7A6994B9}.Release|x86.ActiveCfg = Release|Win32
		{102985A7-C01B-4FA4-8660-3A7D7A6994B9}.Release|x86.Build.0 = Release|Win32
		{4AF94666-A845-4DE1-A796-AD1AF25822B7}.Debug|x64.ActiveCfg = Debug|x64
		{4AF94666-A845-4DE1-A796-AD1AF25822B7}.Debug|x64.Build.0 = Debug|x64
		{4AF94666-A845-4DE1-A796-AD1AF25822B7}.Debug|x86.ActiveCfg = Debug|Win32
		{4AF94666-A845-4DE1-A796-AD1AF25822B7}.Debug|x86.Build.0 = Debug|Win32
		{4AF94666-A845-4DE1-A796-AD1AF25822B7}.Release|x64.ActiveCfg = Release|x64
		{4AF94666-A845-4DE1-A796-AD1AF25822B7}.Release|x64.Build.0 = Release|x64
		{4AF94666-A845-4DE1-A796-AD1AF25822B7}.Release|x86.ActiveCfg = Release|Win32
		{4AF94666-A845-4DE1-A796-AD1AF25822B7}.Release|x86.Build.0 = Release|Win32
		{4FD42A13-3F7A-42F3-9327-4E359D6D962C}.Debug|x64.ActiveCfg = Debug|x64
		{4FD42A13-3F7A-42F3-9327-4E359D6D962C}.Debug|x64.Build.0 = Debug|x64
		{4FD42A13-3F7A-42F3-9327-4E359D6D962C}.Debug|x86.ActiveCfg = Debug|Win32
		{4FD42A13-3F7A-42F3-9327-4E359D6D962C}.Debug|x86.Build.0 = Debug|Win32
		{4FD42A13-3F7A-42F3-9327-4E359D6D962C}.Release|x64.ActiveCfg = Release|x64
		{4FD42A13-3F7A-42F3-9327-4E359D6D962C}.Release|x64.Build.0 = Release|x64
		{4FD42A13-3F7A-42F3-9327-4E359D6D962C}.Release|x86.ActiveCfg = Release|Win32
		{4FD42A13-3F7A-42F3-9327-4E359D6D962C}.Release|x86.Build.0 = Release|Win32
	EndGlobalSection
	GlobalSection(SolutionProperties) = preSolution
		HideSolutionNode = FALSE
	EndGlobalSection
	GlobalSection(ExtensibilityGlobals) = postSolution
		SolutionGuid = {CC655260-BE68-4EE0-AA2A-126F67975FEA}
	EndGlobalSection
EndGlobal
