
Microsoft Visual Studio Solution File, Format Version 12.00
# Visual Studio Version 17
VisualStudioVersion = 17.10.35013.160
MinimumVisualStudioVersion = 10.0.40219.1
Project("{FAE04EC0-301F-11D3-BF4B-00C04F79EFBC}") = "ReportGenerator", "Report\ReportGenerator.csproj", "{1240839B-D247-4899-A15B-48102EE66D2E}"
EndProject
Project("{FAE04EC0-301F-11D3-BF4B-00C04F79EFBC}") = "ReportGenerator-DIP", "ReportGenerator-DIP\ReportGenerator-DIP.csproj", "{6FC92A74-56FD-4275-A69F-8A656A49EE48}"
EndProject
Global
	GlobalSection(SolutionConfigurationPlatforms) = preSolution
		Debug|Any CPU = Debug|Any CPU
		Release|Any CPU = Release|Any CPU
	EndGlobalSection
	GlobalSection(ProjectConfigurationPlatforms) = postSolution
		{1240839B-D247-4899-A15B-48102EE66D2E}.Debug|Any CPU.ActiveCfg = Debug|Any CPU
		{1240839B-D247-4899-A15B-48102EE66D2E}.Debug|Any CPU.Build.0 = Debug|Any CPU
		{1240839B-D247-4899-A15B-48102EE66D2E}.Release|Any CPU.ActiveCfg = Release|Any CPU
		{1240839B-D247-4899-A15B-48102EE66D2E}.Release|Any CPU.Build.0 = Release|Any CPU
		{6FC92A74-56FD-4275-A69F-8A656A49EE48}.Debug|Any CPU.ActiveCfg = Debug|Any CPU
		{6FC92A74-56FD-4275-A69F-8A656A49EE48}.Debug|Any CPU.Build.0 = Debug|Any CPU
		{6FC92A74-56FD-4275-A69F-8A656A49EE48}.Release|Any CPU.ActiveCfg = Release|Any CPU
		{6FC92A74-56FD-4275-A69F-8A656A49EE48}.Release|Any CPU.Build.0 = Release|Any CPU
	EndGlobalSection
	GlobalSection(SolutionProperties) = preSolution
		HideSolutionNode = FALSE
	EndGlobalSection
	GlobalSection(ExtensibilityGlobals) = postSolution
		SolutionGuid = {3360EE8D-8C9E-41FA-9C30-CDD60EB9530B}
	EndGlobalSection
EndGlobal
