
Microsoft Visual Studio Solution File, Format Version 12.00
# Visual Studio Version 17
VisualStudioVersion = 17.8.34408.163
MinimumVisualStudioVersion = 10.0.40219.1
Project("{FAE04EC0-301F-11D3-BF4B-00C04F79EFBC}") = "05 -FindSingleContact", "05 -FindSingleContact.csproj", "{764BA3B7-6846-4773-BBE6-21CB14B16AB2}"
EndProject
Global
	GlobalSection(SolutionConfigurationPlatforms) = preSolution
		Debug|Any CPU = Debug|Any CPU
		Release|Any CPU = Release|Any CPU
	EndGlobalSection
	GlobalSection(ProjectConfigurationPlatforms) = postSolution
		{764BA3B7-6846-4773-BBE6-21CB14B16AB2}.Debug|Any CPU.ActiveCfg = Debug|Any CPU
		{764BA3B7-6846-4773-BBE6-21CB14B16AB2}.Debug|Any CPU.Build.0 = Debug|Any CPU
		{764BA3B7-6846-4773-BBE6-21CB14B16AB2}.Release|Any CPU.ActiveCfg = Release|Any CPU
		{764BA3B7-6846-4773-BBE6-21CB14B16AB2}.Release|Any CPU.Build.0 = Release|Any CPU
	EndGlobalSection
	GlobalSection(SolutionProperties) = preSolution
		HideSolutionNode = FALSE
	EndGlobalSection
	GlobalSection(ExtensibilityGlobals) = postSolution
		SolutionGuid = {3C020524-2EC8-4DD0-9F1C-4EB88564D2B6}
	EndGlobalSection
EndGlobal
