
Microsoft Visual Studio Solution File, Format Version 12.00
# Visual Studio Version 17
VisualStudioVersion = 17.3.32929.385
MinimumVisualStudioVersion = 10.0.40219.1
Project("{8BC9CEB8-8B4A-11D0-8D11-00A0C91BC942}") = "AlgorithmsAndProblemSolvingLv8-4th", "AlgorithmsAndProblemSolvingLv8-4th\AlgorithmsAndProblemSolvingLv8-4th.vcxproj", "{B715C787-5DE9-4368-B2D2-E675B99777CC}"
EndProject
Project("{8BC9CEB8-8B4A-11D0-8D11-00A0C91BC942}") = "Problem-1", "Problem-1\Problem-1.vcxproj", "{BF324607-8EBF-455B-BB00-FBDF7BD42CFF}"
EndProject
Project("{8BC9CEB8-8B4A-11D0-8D11-00A0C91BC942}") = "Problem-2", "Problem-2\Problem-2.vcxproj", "{EBF82343-D92D-42BA-94D0-8304CAA83C85}"
EndProject
Project("{8BC9CEB8-8B4A-11D0-8D11-00A0C91BC942}") = "problem-3", "problem-3\problem-3.vcxproj", "{5EF17C29-04DE-4AEF-89EC-CBFC21E1DFF6}"
EndProject
Project("{8BC9CEB8-8B4A-11D0-8D11-00A0C91BC942}") = "problem-4", "problem-4\problem-4.vcxproj", "{4AB49037-EC65-4945-A4FE-57CF7B2E5BA3}"
EndProject
Project("{8BC9CEB8-8B4A-11D0-8D11-00A0C91BC942}") = "problem-5", "problem-5\problem-5.vcxproj", "{E588823E-D8FF-4066-A845-5EDF6DDDA5F6}"
EndProject
Project("{8BC9CEB8-8B4A-11D0-8D11-00A0C91BC942}") = "problem-6", "problem-6\problem-6.vcxproj", "{E9630081-052C-4BDB-92D6-20C875E03128}"
EndProject
Project("{8BC9CEB8-8B4A-11D0-8D11-00A0C91BC942}") = "problem-7", "problem-7\problem-7.vcxproj", "{E8F8B9D6-CD67-41C4-AFE4-79B48336F213}"
EndProject
Project("{8BC9CEB8-8B4A-11D0-8D11-00A0C91BC942}") = "Problem-8", "Problem-8\Problem-8.vcxproj", "{6C2FB8A4-E946-43B8-9C50-BE6275CD367B}"
EndProject
Project("{8BC9CEB8-8B4A-11D0-8D11-00A0C91BC942}") = "Problem-9", "Problem-9\Problem-9.vcxproj", "{1964F17E-3721-4425-A194-EEFDEFF8E92B}"
EndProject
Project("{8BC9CEB8-8B4A-11D0-8D11-00A0C91BC942}") = "Problem-10", "Problem-10\Problem-10.vcxproj", "{088B34CE-1CA7-4B6C-86E5-02DF1B753D64}"
EndProject
Project("{8BC9CEB8-8B4A-11D0-8D11-00A0C91BC942}") = "Problem-11", "Problem-11\Problem-11.vcxproj", "{2C94E3C0-92D1-4827-B640-3FD99198886A}"
EndProject
Project("{8BC9CEB8-8B4A-11D0-8D11-00A0C91BC942}") = "Problem-12", "Problem-12\Problem-12.vcxproj", "{59AAC733-85E2-4132-A88E-EC57768ACA60}"
EndProject
Project("{8BC9CEB8-8B4A-11D0-8D11-00A0C91BC942}") = "Problem-13-14", "Problem-13\Problem-13.vcxproj", "{0D983D8B-1A33-4B35-BBCB-EF0C4E4EF760}"
EndProject
Project("{8BC9CEB8-8B4A-11D0-8D11-00A0C91BC942}") = "Problem-15", "Problem-15\Problem-15.vcxproj", "{84AC56DE-92F9-4704-8F38-99DCBD93889D}"
EndProject
Project("{8BC9CEB8-8B4A-11D0-8D11-00A0C91BC942}") = "Problem-16", "Problem-16\Problem-16.vcxproj", "{BD2EC919-DB17-4F29-8888-8B43E096A8ED}"
EndProject
Project("{8BC9CEB8-8B4A-11D0-8D11-00A0C91BC942}") = "Problem-17", "Problem-17\Problem-17.vcxproj", "{53A1A57D-D4CF-4883-B944-53006423885E}"
EndProject
Project("{8BC9CEB8-8B4A-11D0-8D11-00A0C91BC942}") = "Problem-18", "Problem-18\Problem-18.vcxproj", "{0D8E03A9-E508-4785-A236-55A846B84F7E}"
EndProject
Project("{8BC9CEB8-8B4A-11D0-8D11-00A0C91BC942}") = "Problem-19", "Problem-19\Problem-19.vcxproj", "{517B8A35-FAFE-47CC-83E5-29340612AC5A}"
EndProject
Project("{8BC9CEB8-8B4A-11D0-8D11-00A0C91BC942}") = "Problem-20-32", "Problem-20\Problem-20.vcxproj", "{BD8C6D1A-2EE8-4ED5-94C7-C60A04B5BB61}"
EndProject
Project("{8BC9CEB8-8B4A-11D0-8D11-00A0C91BC942}") = "Problem33-46", "Problem33-46\Problem33-46.vcxproj", "{5050A987-64C4-4C14-90A6-5F3130BA7FAE}"
EndProject
Project("{8BC9CEB8-8B4A-11D0-8D11-00A0C91BC942}") = "Problem47-53", "Problem47-53\Problem47-53.vcxproj", "{6C0D7D15-15A6-4EEA-B2CF-35A9E923CB53}"
EndProject
Project("{8BC9CEB8-8B4A-11D0-8D11-00A0C91BC942}") = "Problem-54", "Problem-54\Problem-54.vcxproj", "{263DD20D-1902-4EAB-82E5-D076243F1BC3}"
EndProject
Project("{8BC9CEB8-8B4A-11D0-8D11-00A0C91BC942}") = "Problem-55", "Problem-55\Problem-55.vcxproj", "{5B66D3C2-F4C6-44CB-B7D4-CC42A86131BC}"
EndProject
Project("{8BC9CEB8-8B4A-11D0-8D11-00A0C91BC942}") = "Problem-56", "Problem-56\Problem-56.vcxproj", "{CE6EC84D-A10B-4BF3-8E7A-F3D9AD76332A}"
EndProject
Project("{8BC9CEB8-8B4A-11D0-8D11-00A0C91BC942}") = "Problem-57", "Problem-57\Problem-57.vcxproj", "{4D66CF5A-7280-4858-ABE3-E2E73C7A946F}"
EndProject
Project("{8BC9CEB8-8B4A-11D0-8D11-00A0C91BC942}") = "Problem-58", "Problem-58\Problem-58.vcxproj", "{86017269-5D0B-4EEF-92C5-3A5BB487B765}"
EndProject
Project("{8BC9CEB8-8B4A-11D0-8D11-00A0C91BC942}") = "Problem-59", "Problem-59\Problem-59.vcxproj", "{C7C59466-750C-4F18-B3B2-17DA3B3F8205}"
EndProject
Project("{8BC9CEB8-8B4A-11D0-8D11-00A0C91BC942}") = "Problem-60", "Problem-60\Problem-60.vcxproj", "{8B03E183-8C93-40F9-B217-02BBE5B9F4C4}"
EndProject
Project("{8BC9CEB8-8B4A-11D0-8D11-00A0C91BC942}") = "Problem-61", "Problem-61\Problem-61.vcxproj", "{D67D515A-6F91-446F-A34A-C1000659DC0D}"
EndProject
Project("{8BC9CEB8-8B4A-11D0-8D11-00A0C91BC942}") = "Problem-62", "Problem-62\Problem-62.vcxproj", "{DA037DB4-CBE2-4EB0-80EC-8A63A0807B44}"
EndProject
Project("{8BC9CEB8-8B4A-11D0-8D11-00A0C91BC942}") = "Problem-63-64", "Problem-63-64\Problem-63-64.vcxproj", "{5E743B44-DA1D-4D7F-AC3C-2115280D7442}"
EndProject
Project("{8BC9CEB8-8B4A-11D0-8D11-00A0C91BC942}") = "Problem-65", "Problem-65\Problem-65.vcxproj", "{F2896643-272E-4069-A92E-612FF06B471D}"
EndProject
Project("{8BC9CEB8-8B4A-11D0-8D11-00A0C91BC942}") = "Project-BankSystem", "Project-BankSystem\Project-BankSystem.vcxproj", "{CAEAD90E-C927-462E-8131-A03DB721E9F7}"
EndProject
Project("{8BC9CEB8-8B4A-11D0-8D11-00A0C91BC942}") = "ATM-System", "ATM-System\ATM-System.vcxproj", "{4EC8BC84-F525-441D-B657-38CF0888646A}"
EndProject
Global
	GlobalSection(SolutionConfigurationPlatforms) = preSolution
		Debug|x64 = Debug|x64
		Debug|x86 = Debug|x86
		Release|x64 = Release|x64
		Release|x86 = Release|x86
	EndGlobalSection
	GlobalSection(ProjectConfigurationPlatforms) = postSolution
		{B715C787-5DE9-4368-B2D2-E675B99777CC}.Debug|x64.ActiveCfg = Debug|x64
		{B715C787-5DE9-4368-B2D2-E675B99777CC}.Debug|x64.Build.0 = Debug|x64
		{B715C787-5DE9-4368-B2D2-E675B99777CC}.Debug|x86.ActiveCfg = Debug|Win32
		{B715C787-5DE9-4368-B2D2-E675B99777CC}.Debug|x86.Build.0 = Debug|Win32
		{B715C787-5DE9-4368-B2D2-E675B99777CC}.Release|x64.ActiveCfg = Release|x64
		{B715C787-5DE9-4368-B2D2-E675B99777CC}.Release|x64.Build.0 = Release|x64
		{B715C787-5DE9-4368-B2D2-E675B99777CC}.Release|x86.ActiveCfg = Release|Win32
		{B715C787-5DE9-4368-B2D2-E675B99777CC}.Release|x86.Build.0 = Release|Win32
		{BF324607-8EBF-455B-BB00-FBDF7BD42CFF}.Debug|x64.ActiveCfg = Debug|x64
		{BF324607-8EBF-455B-BB00-FBDF7BD42CFF}.Debug|x64.Build.0 = Debug|x64
		{BF324607-8EBF-455B-BB00-FBDF7BD42CFF}.Debug|x86.ActiveCfg = Debug|Win32
		{BF324607-8EBF-455B-BB00-FBDF7BD42CFF}.Debug|x86.Build.0 = Debug|Win32
		{BF324607-8EBF-455B-BB00-FBDF7BD42CFF}.Release|x64.ActiveCfg = Release|x64
		{BF324607-8EBF-455B-BB00-FBDF7BD42CFF}.Release|x64.Build.0 = Release|x64
		{BF324607-8EBF-455B-BB00-FBDF7BD42CFF}.Release|x86.ActiveCfg = Release|Win32
		{BF324607-8EBF-455B-BB00-FBDF7BD42CFF}.Release|x86.Build.0 = Release|Win32
		{EBF82343-D92D-42BA-94D0-8304CAA83C85}.Debug|x64.ActiveCfg = Debug|x64
		{EBF82343-D92D-42BA-94D0-8304CAA83C85}.Debug|x64.Build.0 = Debug|x64
		{EBF82343-D92D-42BA-94D0-8304CAA83C85}.Debug|x86.ActiveCfg = Debug|Win32
		{EBF82343-D92D-42BA-94D0-8304CAA83C85}.Debug|x86.Build.0 = Debug|Win32
		{EBF82343-D92D-42BA-94D0-8304CAA83C85}.Release|x64.ActiveCfg = Release|x64
		{EBF82343-D92D-42BA-94D0-8304CAA83C85}.Release|x64.Build.0 = Release|x64
		{EBF82343-D92D-42BA-94D0-8304CAA83C85}.Release|x86.ActiveCfg = Release|Win32
		{EBF82343-D92D-42BA-94D0-8304CAA83C85}.Release|x86.Build.0 = Release|Win32
		{5EF17C29-04DE-4AEF-89EC-CBFC21E1DFF6}.Debug|x64.ActiveCfg = Debug|x64
		{5EF17C29-04DE-4AEF-89EC-CBFC21E1DFF6}.Debug|x64.Build.0 = Debug|x64
		{5EF17C29-04DE-4AEF-89EC-CBFC21E1DFF6}.Debug|x86.ActiveCfg = Debug|Win32
		{5EF17C29-04DE-4AEF-89EC-CBFC21E1DFF6}.Debug|x86.Build.0 = Debug|Win32
		{5EF17C29-04DE-4AEF-89EC-CBFC21E1DFF6}.Release|x64.ActiveCfg = Release|x64
		{5EF17C29-04DE-4AEF-89EC-CBFC21E1DFF6}.Release|x64.Build.0 = Release|x64
		{5EF17C29-04DE-4AEF-89EC-CBFC21E1DFF6}.Release|x86.ActiveCfg = Release|Win32
		{5EF17C29-04DE-4AEF-89EC-CBFC21E1DFF6}.Release|x86.Build.0 = Release|Win32
		{4AB49037-EC65-4945-A4FE-57CF7B2E5BA3}.Debug|x64.ActiveCfg = Debug|x64
		{4AB49037-EC65-4945-A4FE-57CF7B2E5BA3}.Debug|x64.Build.0 = Debug|x64
		{4AB49037-EC65-4945-A4FE-57CF7B2E5BA3}.Debug|x86.ActiveCfg = Debug|Win32
		{4AB49037-EC65-4945-A4FE-57CF7B2E5BA3}.Debug|x86.Build.0 = Debug|Win32
		{4AB49037-EC65-4945-A4FE-57CF7B2E5BA3}.Release|x64.ActiveCfg = Release|x64
		{4AB49037-EC65-4945-A4FE-57CF7B2E5BA3}.Release|x64.Build.0 = Release|x64
		{4AB49037-EC65-4945-A4FE-57CF7B2E5BA3}.Release|x86.ActiveCfg = Release|Win32
		{4AB49037-EC65-4945-A4FE-57CF7B2E5BA3}.Release|x86.Build.0 = Release|Win32
		{E588823E-D8FF-4066-A845-5EDF6DDDA5F6}.Debug|x64.ActiveCfg = Debug|x64
		{E588823E-D8FF-4066-A845-5EDF6DDDA5F6}.Debug|x64.Build.0 = Debug|x64
		{E588823E-D8FF-4066-A845-5EDF6DDDA5F6}.Debug|x86.ActiveCfg = Debug|Win32
		{E588823E-D8FF-4066-A845-5EDF6DDDA5F6}.Debug|x86.Build.0 = Debug|Win32
		{E588823E-D8FF-4066-A845-5EDF6DDDA5F6}.Release|x64.ActiveCfg = Release|x64
		{E588823E-D8FF-4066-A845-5EDF6DDDA5F6}.Release|x64.Build.0 = Release|x64
		{E588823E-D8FF-4066-A845-5EDF6DDDA5F6}.Release|x86.ActiveCfg = Release|Win32
		{E588823E-D8FF-4066-A845-5EDF6DDDA5F6}.Release|x86.Build.0 = Release|Win32
		{E9630081-052C-4BDB-92D6-20C875E03128}.Debug|x64.ActiveCfg = Debug|x64
		{E9630081-052C-4BDB-92D6-20C875E03128}.Debug|x64.Build.0 = Debug|x64
		{E9630081-052C-4BDB-92D6-20C875E03128}.Debug|x86.ActiveCfg = Debug|Win32
		{E9630081-052C-4BDB-92D6-20C875E03128}.Debug|x86.Build.0 = Debug|Win32
		{E9630081-052C-4BDB-92D6-20C875E03128}.Release|x64.ActiveCfg = Release|x64
		{E9630081-052C-4BDB-92D6-20C875E03128}.Release|x64.Build.0 = Release|x64
		{E9630081-052C-4BDB-92D6-20C875E03128}.Release|x86.ActiveCfg = Release|Win32
		{E9630081-052C-4BDB-92D6-20C875E03128}.Release|x86.Build.0 = Release|Win32
		{E8F8B9D6-CD67-41C4-AFE4-79B48336F213}.Debug|x64.ActiveCfg = Debug|x64
		{E8F8B9D6-CD67-41C4-AFE4-79B48336F213}.Debug|x64.Build.0 = Debug|x64
		{E8F8B9D6-CD67-41C4-AFE4-79B48336F213}.Debug|x86.ActiveCfg = Debug|Win32
		{E8F8B9D6-CD67-41C4-AFE4-79B48336F213}.Debug|x86.Build.0 = Debug|Win32
		{E8F8B9D6-CD67-41C4-AFE4-79B48336F213}.Release|x64.ActiveCfg = Release|x64
		{E8F8B9D6-CD67-41C4-AFE4-79B48336F213}.Release|x64.Build.0 = Release|x64
		{E8F8B9D6-CD67-41C4-AFE4-79B48336F213}.Release|x86.ActiveCfg = Release|Win32
		{E8F8B9D6-CD67-41C4-AFE4-79B48336F213}.Release|x86.Build.0 = Release|Win32
		{6C2FB8A4-E946-43B8-9C50-BE6275CD367B}.Debug|x64.ActiveCfg = Debug|x64
		{6C2FB8A4-E946-43B8-9C50-BE6275CD367B}.Debug|x64.Build.0 = Debug|x64
		{6C2FB8A4-E946-43B8-9C50-BE6275CD367B}.Debug|x86.ActiveCfg = Debug|Win32
		{6C2FB8A4-E946-43B8-9C50-BE6275CD367B}.Debug|x86.Build.0 = Debug|Win32
		{6C2FB8A4-E946-43B8-9C50-BE6275CD367B}.Release|x64.ActiveCfg = Release|x64
		{6C2FB8A4-E946-43B8-9C50-BE6275CD367B}.Release|x64.Build.0 = Release|x64
		{6C2FB8A4-E946-43B8-9C50-BE6275CD367B}.Release|x86.ActiveCfg = Release|Win32
		{6C2FB8A4-E946-43B8-9C50-BE6275CD367B}.Release|x86.Build.0 = Release|Win32
		{1964F17E-3721-4425-A194-EEFDEFF8E92B}.Debug|x64.ActiveCfg = Debug|x64
		{1964F17E-3721-4425-A194-EEFDEFF8E92B}.Debug|x64.Build.0 = Debug|x64
		{1964F17E-3721-4425-A194-EEFDEFF8E92B}.Debug|x86.ActiveCfg = Debug|Win32
		{1964F17E-3721-4425-A194-EEFDEFF8E92B}.Debug|x86.Build.0 = Debug|Win32
		{1964F17E-3721-4425-A194-EEFDEFF8E92B}.Release|x64.ActiveCfg = Release|x64
		{1964F17E-3721-4425-A194-EEFDEFF8E92B}.Release|x64.Build.0 = Release|x64
		{1964F17E-3721-4425-A194-EEFDEFF8E92B}.Release|x86.ActiveCfg = Release|Win32
		{1964F17E-3721-4425-A194-EEFDEFF8E92B}.Release|x86.Build.0 = Release|Win32
		{088B34CE-1CA7-4B6C-86E5-02DF1B753D64}.Debug|x64.ActiveCfg = Debug|x64
		{088B34CE-1CA7-4B6C-86E5-02DF1B753D64}.Debug|x64.Build.0 = Debug|x64
		{088B34CE-1CA7-4B6C-86E5-02DF1B753D64}.Debug|x86.ActiveCfg = Debug|Win32
		{088B34CE-1CA7-4B6C-86E5-02DF1B753D64}.Debug|x86.Build.0 = Debug|Win32
		{088B34CE-1CA7-4B6C-86E5-02DF1B753D64}.Release|x64.ActiveCfg = Release|x64
		{088B34CE-1CA7-4B6C-86E5-02DF1B753D64}.Release|x64.Build.0 = Release|x64
		{088B34CE-1CA7-4B6C-86E5-02DF1B753D64}.Release|x86.ActiveCfg = Release|Win32
		{088B34CE-1CA7-4B6C-86E5-02DF1B753D64}.Release|x86.Build.0 = Release|Win32
		{2C94E3C0-92D1-4827-B640-3FD99198886A}.Debug|x64.ActiveCfg = Debug|x64
		{2C94E3C0-92D1-4827-B640-3FD99198886A}.Debug|x64.Build.0 = Debug|x64
		{2C94E3C0-92D1-4827-B640-3FD99198886A}.Debug|x86.ActiveCfg = Debug|Win32
		{2C94E3C0-92D1-4827-B640-3FD99198886A}.Debug|x86.Build.0 = Debug|Win32
		{2C94E3C0-92D1-4827-B640-3FD99198886A}.Release|x64.ActiveCfg = Release|x64
		{2C94E3C0-92D1-4827-B640-3FD99198886A}.Release|x64.Build.0 = Release|x64
		{2C94E3C0-92D1-4827-B640-3FD99198886A}.Release|x86.ActiveCfg = Release|Win32
		{2C94E3C0-92D1-4827-B640-3FD99198886A}.Release|x86.Build.0 = Release|Win32
		{59AAC733-85E2-4132-A88E-EC57768ACA60}.Debug|x64.ActiveCfg = Debug|x64
		{59AAC733-85E2-4132-A88E-EC57768ACA60}.Debug|x64.Build.0 = Debug|x64
		{59AAC733-85E2-4132-A88E-EC57768ACA60}.Debug|x86.ActiveCfg = Debug|Win32
		{59AAC733-85E2-4132-A88E-EC57768ACA60}.Debug|x86.Build.0 = Debug|Win32
		{59AAC733-85E2-4132-A88E-EC57768ACA60}.Release|x64.ActiveCfg = Release|x64
		{59AAC733-85E2-4132-A88E-EC57768ACA60}.Release|x64.Build.0 = Release|x64
		{59AAC733-85E2-4132-A88E-EC57768ACA60}.Release|x86.ActiveCfg = Release|Win32
		{59AAC733-85E2-4132-A88E-EC57768ACA60}.Release|x86.Build.0 = Release|Win32
		{0D983D8B-1A33-4B35-BBCB-EF0C4E4EF760}.Debug|x64.ActiveCfg = Debug|x64
		{0D983D8B-1A33-4B35-BBCB-EF0C4E4EF760}.Debug|x64.Build.0 = Debug|x64
		{0D983D8B-1A33-4B35-BBCB-EF0C4E4EF760}.Debug|x86.ActiveCfg = Debug|Win32
		{0D983D8B-1A33-4B35-BBCB-EF0C4E4EF760}.Debug|x86.Build.0 = Debug|Win32
		{0D983D8B-1A33-4B35-BBCB-EF0C4E4EF760}.Release|x64.ActiveCfg = Release|x64
		{0D983D8B-1A33-4B35-BBCB-EF0C4E4EF760}.Release|x64.Build.0 = Release|x64
		{0D983D8B-1A33-4B35-BBCB-EF0C4E4EF760}.Release|x86.ActiveCfg = Release|Win32
		{0D983D8B-1A33-4B35-BBCB-EF0C4E4EF760}.Release|x86.Build.0 = Release|Win32
		{84AC56DE-92F9-4704-8F38-99DCBD93889D}.Debug|x64.ActiveCfg = Debug|x64
		{84AC56DE-92F9-4704-8F38-99DCBD93889D}.Debug|x64.Build.0 = Debug|x64
		{84AC56DE-92F9-4704-8F38-99DCBD93889D}.Debug|x86.ActiveCfg = Debug|Win32
		{84AC56DE-92F9-4704-8F38-99DCBD93889D}.Debug|x86.Build.0 = Debug|Win32
		{84AC56DE-92F9-4704-8F38-99DCBD93889D}.Release|x64.ActiveCfg = Release|x64
		{84AC56DE-92F9-4704-8F38-99DCBD93889D}.Release|x64.Build.0 = Release|x64
		{84AC56DE-92F9-4704-8F38-99DCBD93889D}.Release|x86.ActiveCfg = Release|Win32
		{84AC56DE-92F9-4704-8F38-99DCBD93889D}.Release|x86.Build.0 = Release|Win32
		{BD2EC919-DB17-4F29-8888-8B43E096A8ED}.Debug|x64.ActiveCfg = Debug|x64
		{BD2EC919-DB17-4F29-8888-8B43E096A8ED}.Debug|x64.Build.0 = Debug|x64
		{BD2EC919-DB17-4F29-8888-8B43E096A8ED}.Debug|x86.ActiveCfg = Debug|Win32
		{BD2EC919-DB17-4F29-8888-8B43E096A8ED}.Debug|x86.Build.0 = Debug|Win32
		{BD2EC919-DB17-4F29-8888-8B43E096A8ED}.Release|x64.ActiveCfg = Release|x64
		{BD2EC919-DB17-4F29-8888-8B43E096A8ED}.Release|x64.Build.0 = Release|x64
		{BD2EC919-DB17-4F29-8888-8B43E096A8ED}.Release|x86.ActiveCfg = Release|Win32
		{BD2EC919-DB17-4F29-8888-8B43E096A8ED}.Release|x86.Build.0 = Release|Win32
		{53A1A57D-D4CF-4883-B944-53006423885E}.Debug|x64.ActiveCfg = Debug|x64
		{53A1A57D-D4CF-4883-B944-53006423885E}.Debug|x64.Build.0 = Debug|x64
		{53A1A57D-D4CF-4883-B944-53006423885E}.Debug|x86.ActiveCfg = Debug|Win32
		{53A1A57D-D4CF-4883-B944-53006423885E}.Debug|x86.Build.0 = Debug|Win32
		{53A1A57D-D4CF-4883-B944-53006423885E}.Release|x64.ActiveCfg = Release|x64
		{53A1A57D-D4CF-4883-B944-53006423885E}.Release|x64.Build.0 = Release|x64
		{53A1A57D-D4CF-4883-B944-53006423885E}.Release|x86.ActiveCfg = Release|Win32
		{53A1A57D-D4CF-4883-B944-53006423885E}.Release|x86.Build.0 = Release|Win32
		{0D8E03A9-E508-4785-A236-55A846B84F7E}.Debug|x64.ActiveCfg = Debug|x64
		{0D8E03A9-E508-4785-A236-55A846B84F7E}.Debug|x64.Build.0 = Debug|x64
		{0D8E03A9-E508-4785-A236-55A846B84F7E}.Debug|x86.ActiveCfg = Debug|Win32
		{0D8E03A9-E508-4785-A236-55A846B84F7E}.Debug|x86.Build.0 = Debug|Win32
		{0D8E03A9-E508-4785-A236-55A846B84F7E}.Release|x64.ActiveCfg = Release|x64
		{0D8E03A9-E508-4785-A236-55A846B84F7E}.Release|x64.Build.0 = Release|x64
		{0D8E03A9-E508-4785-A236-55A846B84F7E}.Release|x86.ActiveCfg = Release|Win32
		{0D8E03A9-E508-4785-A236-55A846B84F7E}.Release|x86.Build.0 = Release|Win32
		{517B8A35-FAFE-47CC-83E5-29340612AC5A}.Debug|x64.ActiveCfg = Debug|x64
		{517B8A35-FAFE-47CC-83E5-29340612AC5A}.Debug|x64.Build.0 = Debug|x64
		{517B8A35-FAFE-47CC-83E5-29340612AC5A}.Debug|x86.ActiveCfg = Debug|Win32
		{517B8A35-FAFE-47CC-83E5-29340612AC5A}.Debug|x86.Build.0 = Debug|Win32
		{517B8A35-FAFE-47CC-83E5-29340612AC5A}.Release|x64.ActiveCfg = Release|x64
		{517B8A35-FAFE-47CC-83E5-29340612AC5A}.Release|x64.Build.0 = Release|x64
		{517B8A35-FAFE-47CC-83E5-29340612AC5A}.Release|x86.ActiveCfg = Release|Win32
		{517B8A35-FAFE-47CC-83E5-29340612AC5A}.Release|x86.Build.0 = Release|Win32
		{BD8C6D1A-2EE8-4ED5-94C7-C60A04B5BB61}.Debug|x64.ActiveCfg = Debug|x64
		{BD8C6D1A-2EE8-4ED5-94C7-C60A04B5BB61}.Debug|x64.Build.0 = Debug|x64
		{BD8C6D1A-2EE8-4ED5-94C7-C60A04B5BB61}.Debug|x86.ActiveCfg = Debug|Win32
		{BD8C6D1A-2EE8-4ED5-94C7-C60A04B5BB61}.Debug|x86.Build.0 = Debug|Win32
		{BD8C6D1A-2EE8-4ED5-94C7-C60A04B5BB61}.Release|x64.ActiveCfg = Release|x64
		{BD8C6D1A-2EE8-4ED5-94C7-C60A04B5BB61}.Release|x64.Build.0 = Release|x64
		{BD8C6D1A-2EE8-4ED5-94C7-C60A04B5BB61}.Release|x86.ActiveCfg = Release|Win32
		{BD8C6D1A-2EE8-4ED5-94C7-C60A04B5BB61}.Release|x86.Build.0 = Release|Win32
		{5050A987-64C4-4C14-90A6-5F3130BA7FAE}.Debug|x64.ActiveCfg = Debug|x64
		{5050A987-64C4-4C14-90A6-5F3130BA7FAE}.Debug|x64.Build.0 = Debug|x64
		{5050A987-64C4-4C14-90A6-5F3130BA7FAE}.Debug|x86.ActiveCfg = Debug|Win32
		{5050A987-64C4-4C14-90A6-5F3130BA7FAE}.Debug|x86.Build.0 = Debug|Win32
		{5050A987-64C4-4C14-90A6-5F3130BA7FAE}.Release|x64.ActiveCfg = Release|x64
		{5050A987-64C4-4C14-90A6-5F3130BA7FAE}.Release|x64.Build.0 = Release|x64
		{5050A987-64C4-4C14-90A6-5F3130BA7FAE}.Release|x86.ActiveCfg = Release|Win32
		{5050A987-64C4-4C14-90A6-5F3130BA7FAE}.Release|x86.Build.0 = Release|Win32
		{6C0D7D15-15A6-4EEA-B2CF-35A9E923CB53}.Debug|x64.ActiveCfg = Debug|x64
		{6C0D7D15-15A6-4EEA-B2CF-35A9E923CB53}.Debug|x64.Build.0 = Debug|x64
		{6C0D7D15-15A6-4EEA-B2CF-35A9E923CB53}.Debug|x86.ActiveCfg = Debug|Win32
		{6C0D7D15-15A6-4EEA-B2CF-35A9E923CB53}.Debug|x86.Build.0 = Debug|Win32
		{6C0D7D15-15A6-4EEA-B2CF-35A9E923CB53}.Release|x64.ActiveCfg = Release|x64
		{6C0D7D15-15A6-4EEA-B2CF-35A9E923CB53}.Release|x64.Build.0 = Release|x64
		{6C0D7D15-15A6-4EEA-B2CF-35A9E923CB53}.Release|x86.ActiveCfg = Release|Win32
		{6C0D7D15-15A6-4EEA-B2CF-35A9E923CB53}.Release|x86.Build.0 = Release|Win32
		{263DD20D-1902-4EAB-82E5-D076243F1BC3}.Debug|x64.ActiveCfg = Debug|x64
		{263DD20D-1902-4EAB-82E5-D076243F1BC3}.Debug|x64.Build.0 = Debug|x64
		{263DD20D-1902-4EAB-82E5-D076243F1BC3}.Debug|x86.ActiveCfg = Debug|Win32
		{263DD20D-1902-4EAB-82E5-D076243F1BC3}.Debug|x86.Build.0 = Debug|Win32
		{263DD20D-1902-4EAB-82E5-D076243F1BC3}.Release|x64.ActiveCfg = Release|x64
		{263DD20D-1902-4EAB-82E5-D076243F1BC3}.Release|x64.Build.0 = Release|x64
		{263DD20D-1902-4EAB-82E5-D076243F1BC3}.Release|x86.ActiveCfg = Release|Win32
		{263DD20D-1902-4EAB-82E5-D076243F1BC3}.Release|x86.Build.0 = Release|Win32
		{5B66D3C2-F4C6-44CB-B7D4-CC42A86131BC}.Debug|x64.ActiveCfg = Debug|x64
		{5B66D3C2-F4C6-44CB-B7D4-CC42A86131BC}.Debug|x64.Build.0 = Debug|x64
		{5B66D3C2-F4C6-44CB-B7D4-CC42A86131BC}.Debug|x86.ActiveCfg = Debug|Win32
		{5B66D3C2-F4C6-44CB-B7D4-CC42A86131BC}.Debug|x86.Build.0 = Debug|Win32
		{5B66D3C2-F4C6-44CB-B7D4-CC42A86131BC}.Release|x64.ActiveCfg = Release|x64
		{5B66D3C2-F4C6-44CB-B7D4-CC42A86131BC}.Release|x64.Build.0 = Release|x64
		{5B66D3C2-F4C6-44CB-B7D4-CC42A86131BC}.Release|x86.ActiveCfg = Release|Win32
		{5B66D3C2-F4C6-44CB-B7D4-CC42A86131BC}.Release|x86.Build.0 = Release|Win32
		{CE6EC84D-A10B-4BF3-8E7A-F3D9AD76332A}.Debug|x64.ActiveCfg = Debug|x64
		{CE6EC84D-A10B-4BF3-8E7A-F3D9AD76332A}.Debug|x64.Build.0 = Debug|x64
		{CE6EC84D-A10B-4BF3-8E7A-F3D9AD76332A}.Debug|x86.ActiveCfg = Debug|Win32
		{CE6EC84D-A10B-4BF3-8E7A-F3D9AD76332A}.Debug|x86.Build.0 = Debug|Win32
		{CE6EC84D-A10B-4BF3-8E7A-F3D9AD76332A}.Release|x64.ActiveCfg = Release|x64
		{CE6EC84D-A10B-4BF3-8E7A-F3D9AD76332A}.Release|x64.Build.0 = Release|x64
		{CE6EC84D-A10B-4BF3-8E7A-F3D9AD76332A}.Release|x86.ActiveCfg = Release|Win32
		{CE6EC84D-A10B-4BF3-8E7A-F3D9AD76332A}.Release|x86.Build.0 = Release|Win32
		{4D66CF5A-7280-4858-ABE3-E2E73C7A946F}.Debug|x64.ActiveCfg = Debug|x64
		{4D66CF5A-7280-4858-ABE3-E2E73C7A946F}.Debug|x64.Build.0 = Debug|x64
		{4D66CF5A-7280-4858-ABE3-E2E73C7A946F}.Debug|x86.ActiveCfg = Debug|Win32
		{4D66CF5A-7280-4858-ABE3-E2E73C7A946F}.Debug|x86.Build.0 = Debug|Win32
		{4D66CF5A-7280-4858-ABE3-E2E73C7A946F}.Release|x64.ActiveCfg = Release|x64
		{4D66CF5A-7280-4858-ABE3-E2E73C7A946F}.Release|x64.Build.0 = Release|x64
		{4D66CF5A-7280-4858-ABE3-E2E73C7A946F}.Release|x86.ActiveCfg = Release|Win32
		{4D66CF5A-7280-4858-ABE3-E2E73C7A946F}.Release|x86.Build.0 = Release|Win32
		{86017269-5D0B-4EEF-92C5-3A5BB487B765}.Debug|x64.ActiveCfg = Debug|x64
		{86017269-5D0B-4EEF-92C5-3A5BB487B765}.Debug|x64.Build.0 = Debug|x64
		{86017269-5D0B-4EEF-92C5-3A5BB487B765}.Debug|x86.ActiveCfg = Debug|Win32
		{86017269-5D0B-4EEF-92C5-3A5BB487B765}.Debug|x86.Build.0 = Debug|Win32
		{86017269-5D0B-4EEF-92C5-3A5BB487B765}.Release|x64.ActiveCfg = Release|x64
		{86017269-5D0B-4EEF-92C5-3A5BB487B765}.Release|x64.Build.0 = Release|x64
		{86017269-5D0B-4EEF-92C5-3A5BB487B765}.Release|x86.ActiveCfg = Release|Win32
		{86017269-5D0B-4EEF-92C5-3A5BB487B765}.Release|x86.Build.0 = Release|Win32
		{C7C59466-750C-4F18-B3B2-17DA3B3F8205}.Debug|x64.ActiveCfg = Debug|x64
		{C7C59466-750C-4F18-B3B2-17DA3B3F8205}.Debug|x64.Build.0 = Debug|x64
		{C7C59466-750C-4F18-B3B2-17DA3B3F8205}.Debug|x86.ActiveCfg = Debug|Win32
		{C7C59466-750C-4F18-B3B2-17DA3B3F8205}.Debug|x86.Build.0 = Debug|Win32
		{C7C59466-750C-4F18-B3B2-17DA3B3F8205}.Release|x64.ActiveCfg = Release|x64
		{C7C59466-750C-4F18-B3B2-17DA3B3F8205}.Release|x64.Build.0 = Release|x64
		{C7C59466-750C-4F18-B3B2-17DA3B3F8205}.Release|x86.ActiveCfg = Release|Win32
		{C7C59466-750C-4F18-B3B2-17DA3B3F8205}.Release|x86.Build.0 = Release|Win32
		{8B03E183-8C93-40F9-B217-02BBE5B9F4C4}.Debug|x64.ActiveCfg = Debug|x64
		{8B03E183-8C93-40F9-B217-02BBE5B9F4C4}.Debug|x64.Build.0 = Debug|x64
		{8B03E183-8C93-40F9-B217-02BBE5B9F4C4}.Debug|x86.ActiveCfg = Debug|Win32
		{8B03E183-8C93-40F9-B217-02BBE5B9F4C4}.Debug|x86.Build.0 = Debug|Win32
		{8B03E183-8C93-40F9-B217-02BBE5B9F4C4}.Release|x64.ActiveCfg = Release|x64
		{8B03E183-8C93-40F9-B217-02BBE5B9F4C4}.Release|x64.Build.0 = Release|x64
		{8B03E183-8C93-40F9-B217-02BBE5B9F4C4}.Release|x86.ActiveCfg = Release|Win32
		{8B03E183-8C93-40F9-B217-02BBE5B9F4C4}.Release|x86.Build.0 = Release|Win32
		{D67D515A-6F91-446F-A34A-C1000659DC0D}.Debug|x64.ActiveCfg = Debug|x64
		{D67D515A-6F91-446F-A34A-C1000659DC0D}.Debug|x64.Build.0 = Debug|x64
		{D67D515A-6F91-446F-A34A-C1000659DC0D}.Debug|x86.ActiveCfg = Debug|Win32
		{D67D515A-6F91-446F-A34A-C1000659DC0D}.Debug|x86.Build.0 = Debug|Win32
		{D67D515A-6F91-446F-A34A-C1000659DC0D}.Release|x64.ActiveCfg = Release|x64
		{D67D515A-6F91-446F-A34A-C1000659DC0D}.Release|x64.Build.0 = Release|x64
		{D67D515A-6F91-446F-A34A-C1000659DC0D}.Release|x86.ActiveCfg = Release|Win32
		{D67D515A-6F91-446F-A34A-C1000659DC0D}.Release|x86.Build.0 = Release|Win32
		{DA037DB4-CBE2-4EB0-80EC-8A63A0807B44}.Debug|x64.ActiveCfg = Debug|x64
		{DA037DB4-CBE2-4EB0-80EC-8A63A0807B44}.Debug|x64.Build.0 = Debug|x64
		{DA037DB4-CBE2-4EB0-80EC-8A63A0807B44}.Debug|x86.ActiveCfg = Debug|Win32
		{DA037DB4-CBE2-4EB0-80EC-8A63A0807B44}.Debug|x86.Build.0 = Debug|Win32
		{DA037DB4-CBE2-4EB0-80EC-8A63A0807B44}.Release|x64.ActiveCfg = Release|x64
		{DA037DB4-CBE2-4EB0-80EC-8A63A0807B44}.Release|x64.Build.0 = Release|x64
		{DA037DB4-CBE2-4EB0-80EC-8A63A0807B44}.Release|x86.ActiveCfg = Release|Win32
		{DA037DB4-CBE2-4EB0-80EC-8A63A0807B44}.Release|x86.Build.0 = Release|Win32
		{5E743B44-DA1D-4D7F-AC3C-2115280D7442}.Debug|x64.ActiveCfg = Debug|x64
		{5E743B44-DA1D-4D7F-AC3C-2115280D7442}.Debug|x64.Build.0 = Debug|x64
		{5E743B44-DA1D-4D7F-AC3C-2115280D7442}.Debug|x86.ActiveCfg = Debug|Win32
		{5E743B44-DA1D-4D7F-AC3C-2115280D7442}.Debug|x86.Build.0 = Debug|Win32
		{5E743B44-DA1D-4D7F-AC3C-2115280D7442}.Release|x64.ActiveCfg = Release|x64
		{5E743B44-DA1D-4D7F-AC3C-2115280D7442}.Release|x64.Build.0 = Release|x64
		{5E743B44-DA1D-4D7F-AC3C-2115280D7442}.Release|x86.ActiveCfg = Release|Win32
		{5E743B44-DA1D-4D7F-AC3C-2115280D7442}.Release|x86.Build.0 = Release|Win32
		{F2896643-272E-4069-A92E-612FF06B471D}.Debug|x64.ActiveCfg = Debug|x64
		{F2896643-272E-4069-A92E-612FF06B471D}.Debug|x64.Build.0 = Debug|x64
		{F2896643-272E-4069-A92E-612FF06B471D}.Debug|x86.ActiveCfg = Debug|Win32
		{F2896643-272E-4069-A92E-612FF06B471D}.Debug|x86.Build.0 = Debug|Win32
		{F2896643-272E-4069-A92E-612FF06B471D}.Release|x64.ActiveCfg = Release|x64
		{F2896643-272E-4069-A92E-612FF06B471D}.Release|x64.Build.0 = Release|x64
		{F2896643-272E-4069-A92E-612FF06B471D}.Release|x86.ActiveCfg = Release|Win32
		{F2896643-272E-4069-A92E-612FF06B471D}.Release|x86.Build.0 = Release|Win32
		{CAEAD90E-C927-462E-8131-A03DB721E9F7}.Debug|x64.ActiveCfg = Debug|x64
		{CAEAD90E-C927-462E-8131-A03DB721E9F7}.Debug|x64.Build.0 = Debug|x64
		{CAEAD90E-C927-462E-8131-A03DB721E9F7}.Debug|x86.ActiveCfg = Debug|Win32
		{CAEAD90E-C927-462E-8131-A03DB721E9F7}.Debug|x86.Build.0 = Debug|Win32
		{CAEAD90E-C927-462E-8131-A03DB721E9F7}.Release|x64.ActiveCfg = Release|x64
		{CAEAD90E-C927-462E-8131-A03DB721E9F7}.Release|x64.Build.0 = Release|x64
		{CAEAD90E-C927-462E-8131-A03DB721E9F7}.Release|x86.ActiveCfg = Release|Win32
		{CAEAD90E-C927-462E-8131-A03DB721E9F7}.Release|x86.Build.0 = Release|Win32
		{4EC8BC84-F525-441D-B657-38CF0888646A}.Debug|x64.ActiveCfg = Debug|x64
		{4EC8BC84-F525-441D-B657-38CF0888646A}.Debug|x64.Build.0 = Debug|x64
		{4EC8BC84-F525-441D-B657-38CF0888646A}.Debug|x86.ActiveCfg = Debug|Win32
		{4EC8BC84-F525-441D-B657-38CF0888646A}.Debug|x86.Build.0 = Debug|Win32
		{4EC8BC84-F525-441D-B657-38CF0888646A}.Release|x64.ActiveCfg = Release|x64
		{4EC8BC84-F525-441D-B657-38CF0888646A}.Release|x64.Build.0 = Release|x64
		{4EC8BC84-F525-441D-B657-38CF0888646A}.Release|x86.ActiveCfg = Release|Win32
		{4EC8BC84-F525-441D-B657-38CF0888646A}.Release|x86.Build.0 = Release|Win32
	EndGlobalSection
	GlobalSection(SolutionProperties) = preSolution
		HideSolutionNode = FALSE
	EndGlobalSection
	GlobalSection(ExtensibilityGlobals) = postSolution
		SolutionGuid = {331EC2F9-6DD2-4B0F-B640-CB70CE2DB7D1}
	EndGlobalSection
EndGlobal
