
Microsoft Visual Studio Solution File, Format Version 12.00
# Visual Studio Version 17
VisualStudioVersion = 17.8.34408.163
MinimumVisualStudioVersion = 10.0.40219.1
Project("{FAE04EC0-301F-11D3-BF4B-00C04F79EFBC}") = "13 DataTable (Create dffline DataTable and list them", "13 DataTable (Create dffline DataTable and list them.csproj", "{849219B5-E8D6-4C0D-B426-86C4571830CB}"
EndProject
Global
	GlobalSection(SolutionConfigurationPlatforms) = preSolution
		Debug|Any CPU = Debug|Any CPU
		Release|Any CPU = Release|Any CPU
	EndGlobalSection
	GlobalSection(ProjectConfigurationPlatforms) = postSolution
		{849219B5-E8D6-4C0D-B426-86C4571830CB}.Debug|Any CPU.ActiveCfg = Debug|Any CPU
		{849219B5-E8D6-4C0D-B426-86C4571830CB}.Debug|Any CPU.Build.0 = Debug|Any CPU
		{849219B5-E8D6-4C0D-B426-86C4571830CB}.Release|Any CPU.ActiveCfg = Release|Any CPU
		{849219B5-E8D6-4C0D-B426-86C4571830CB}.Release|Any CPU.Build.0 = Release|Any CPU
	EndGlobalSection
	GlobalSection(SolutionProperties) = preSolution
		HideSolutionNode = FALSE
	EndGlobalSection
	GlobalSection(ExtensibilityGlobals) = postSolution
		SolutionGuid = {6E58DF0C-AE76-468A-857C-7AA8740A5F0A}
	EndGlobalSection
EndGlobal
