
Microsoft Visual Studio Solution File, Format Version 12.00
# Visual Studio Version 17
VisualStudioVersion = 17.12.35323.107
MinimumVisualStudioVersion = 10.0.40219.1
Project("{FAE04EC0-301F-11D3-BF4B-00C04F79EFBC}") = "HashTable", "HashTable\HashTable.csproj", "{C15B1489-C5F8-4E25-99E7-4AAF5B9F59EF}"
EndProject
Global
	GlobalSection(SolutionConfigurationPlatforms) = preSolution
		Debug|Any CPU = Debug|Any CPU
		Release|Any CPU = Release|Any CPU
	EndGlobalSection
	GlobalSection(ProjectConfigurationPlatforms) = postSolution
		{C15B1489-C5F8-4E25-99E7-4AAF5B9F59EF}.Debug|Any CPU.ActiveCfg = Debug|Any CPU
		{C15B1489-C5F8-4E25-99E7-4AAF5B9F59EF}.Debug|Any CPU.Build.0 = Debug|Any CPU
		{C15B1489-C5F8-4E25-99E7-4AAF5B9F59EF}.Release|Any CPU.ActiveCfg = Release|Any CPU
		{C15B1489-C5F8-4E25-99E7-4AAF5B9F59EF}.Release|Any CPU.Build.0 = Release|Any CPU
	EndGlobalSection
	GlobalSection(SolutionProperties) = preSolution
		HideSolutionNode = FALSE
	EndGlobalSection
	GlobalSection(ExtensibilityGlobals) = postSolution
		SolutionGuid = {B2647EB8-885A-4E7A-913A-1E352906C3C9}
	EndGlobalSection
EndGlobal
