
Microsoft Visual Studio Solution File, Format Version 12.00
# Visual Studio Version 17
VisualStudioVersion = 17.10.35013.160
MinimumVisualStudioVersion = 10.0.40219.1
Project("{FAE04EC0-301F-11D3-BF4B-00C04F79EFBC}") = "00 IEnumerable", "IEnumerable\00 IEnumerable.csproj", "{CCCCFCC1-2488-4C35-87A6-6EE79559F3E3}"
EndProject
Project("{FAE04EC0-301F-11D3-BF4B-00C04F79EFBC}") = "01 ICollection", "ICollection\01 ICollection.csproj", "{26E5DCBF-0361-4CA2-BAA3-068B98C80ADB}"
EndProject
Project("{FAE04EC0-301F-11D3-BF4B-00C04F79EFBC}") = "02 ICollectionExample2", "ICollectionExample2\02 ICollectionExample2.csproj", "{2153AC47-F425-4663-8BCA-E023B57AF61E}"
EndProject
Project("{FAE04EC0-301F-11D3-BF4B-00C04F79EFBC}") = "03 IListExample", "IListExample\03 IListExample.csproj", "{7CA33931-C350-4925-8627-A2ED7C137FFB}"
EndProject
Project("{FAE04EC0-301F-11D3-BF4B-00C04F79EFBC}") = "04 IDictionaryExample", "IDictionaryExample\04 IDictionaryExample.csproj", "{98A74EAC-5A63-436F-A438-79368B26913A}"
EndProject
Global
	GlobalSection(SolutionConfigurationPlatforms) = preSolution
		Debug|Any CPU = Debug|Any CPU
		Release|Any CPU = Release|Any CPU
	EndGlobalSection
	GlobalSection(ProjectConfigurationPlatforms) = postSolution
		{CCCCFCC1-2488-4C35-87A6-6EE79559F3E3}.Debug|Any CPU.ActiveCfg = Debug|Any CPU
		{CCCCFCC1-2488-4C35-87A6-6EE79559F3E3}.Debug|Any CPU.Build.0 = Debug|Any CPU
		{CCCCFCC1-2488-4C35-87A6-6EE79559F3E3}.Release|Any CPU.ActiveCfg = Release|Any CPU
		{CCCCFCC1-2488-4C35-87A6-6EE79559F3E3}.Release|Any CPU.Build.0 = Release|Any CPU
		{26E5DCBF-0361-4CA2-BAA3-068B98C80ADB}.Debug|Any CPU.ActiveCfg = Debug|Any CPU
		{26E5DCBF-0361-4CA2-BAA3-068B98C80ADB}.Debug|Any CPU.Build.0 = Debug|Any CPU
		{26E5DCBF-0361-4CA2-BAA3-068B98C80ADB}.Release|Any CPU.ActiveCfg = Release|Any CPU
		{26E5DCBF-0361-4CA2-BAA3-068B98C80ADB}.Release|Any CPU.Build.0 = Release|Any CPU
		{2153AC47-F425-4663-8BCA-E023B57AF61E}.Debug|Any CPU.ActiveCfg = Debug|Any CPU
		{2153AC47-F425-4663-8BCA-E023B57AF61E}.Debug|Any CPU.Build.0 = Debug|Any CPU
		{2153AC47-F425-4663-8BCA-E023B57AF61E}.Release|Any CPU.ActiveCfg = Release|Any CPU
		{2153AC47-F425-4663-8BCA-E023B57AF61E}.Release|Any CPU.Build.0 = Release|Any CPU
		{7CA33931-C350-4925-8627-A2ED7C137FFB}.Debug|Any CPU.ActiveCfg = Debug|Any CPU
		{7CA33931-C350-4925-8627-A2ED7C137FFB}.Debug|Any CPU.Build.0 = Debug|Any CPU
		{7CA33931-C350-4925-8627-A2ED7C137FFB}.Release|Any CPU.ActiveCfg = Release|Any CPU
		{7CA33931-C350-4925-8627-A2ED7C137FFB}.Release|Any CPU.Build.0 = Release|Any CPU
		{98A74EAC-5A63-436F-A438-79368B26913A}.Debug|Any CPU.ActiveCfg = Debug|Any CPU
		{98A74EAC-5A63-436F-A438-79368B26913A}.Debug|Any CPU.Build.0 = Debug|Any CPU
		{98A74EAC-5A63-436F-A438-79368B26913A}.Release|Any CPU.ActiveCfg = Release|Any CPU
		{98A74EAC-5A63-436F-A438-79368B26913A}.Release|Any CPU.Build.0 = Release|Any CPU
	EndGlobalSection
	GlobalSection(SolutionProperties) = preSolution
		HideSolutionNode = FALSE
	EndGlobalSection
	GlobalSection(ExtensibilityGlobals) = postSolution
		SolutionGuid = {AD76564E-5AE8-47D2-9726-1518219B0DA8}
	EndGlobalSection
EndGlobal
