
Microsoft Visual Studio Solution File, Format Version 12.00
# Visual Studio Version 17
VisualStudioVersion = 17.8.34408.163
MinimumVisualStudioVersion = 10.0.40219.1
Project("{FAE04EC0-301F-11D3-BF4B-00C04F79EFBC}") = "19 DataTableClear", "19 DataTableClear.csproj", "{703DD18E-6AF6-4AC6-BC2D-76D915268657}"
EndProject
Global
	GlobalSection(SolutionConfigurationPlatforms) = preSolution
		Debug|Any CPU = Debug|Any CPU
		Release|Any CPU = Release|Any CPU
	EndGlobalSection
	GlobalSection(ProjectConfigurationPlatforms) = postSolution
		{703DD18E-6AF6-4AC6-BC2D-76D915268657}.Debug|Any CPU.ActiveCfg = Debug|Any CPU
		{703DD18E-6AF6-4AC6-BC2D-76D915268657}.Debug|Any CPU.Build.0 = Debug|Any CPU
		{703DD18E-6AF6-4AC6-BC2D-76D915268657}.Release|Any CPU.ActiveCfg = Release|Any CPU
		{703DD18E-6AF6-4AC6-BC2D-76D915268657}.Release|Any CPU.Build.0 = Release|Any CPU
	EndGlobalSection
	GlobalSection(SolutionProperties) = preSolution
		HideSolutionNode = FALSE
	EndGlobalSection
	GlobalSection(ExtensibilityGlobals) = postSolution
		SolutionGuid = {D354D30E-3868-43C6-BD9A-C08DDF00377C}
	EndGlobalSection
EndGlobal
