
Microsoft Visual Studio Solution File, Format Version 12.00
# Visual Studio Version 17
VisualStudioVersion = 17.10.35013.160
MinimumVisualStudioVersion = 10.0.40219.1
Project("{FAE04EC0-301F-11D3-BF4B-00C04F79EFBC}") = "Bubble Sort", "Bubble Sort\Bubble Sort.csproj", "{DB5482E0-B7FD-42B0-9134-7923DB9A7114}"
EndProject
Project("{FAE04EC0-301F-11D3-BF4B-00C04F79EFBC}") = "SelectionSort", "SelectionSort\SelectionSort.csproj", "{C05054BB-76E3-4EED-B6D2-6E804C5FDE5E}"
EndProject
Project("{FAE04EC0-301F-11D3-BF4B-00C04F79EFBC}") = "InsertionSort", "InsertionSort\InsertionSort.csproj", "{946C87DA-97BF-4787-9DE2-45F3965D9201}"
EndProject
Global
	GlobalSection(SolutionConfigurationPlatforms) = preSolution
		Debug|Any CPU = Debug|Any CPU
		Release|Any CPU = Release|Any CPU
	EndGlobalSection
	GlobalSection(ProjectConfigurationPlatforms) = postSolution
		{DB5482E0-B7FD-42B0-9134-7923DB9A7114}.Debug|Any CPU.ActiveCfg = Debug|Any CPU
		{DB5482E0-B7FD-42B0-9134-7923DB9A7114}.Debug|Any CPU.Build.0 = Debug|Any CPU
		{DB5482E0-B7FD-42B0-9134-7923DB9A7114}.Release|Any CPU.ActiveCfg = Release|Any CPU
		{DB5482E0-B7FD-42B0-9134-7923DB9A7114}.Release|Any CPU.Build.0 = Release|Any CPU
		{C05054BB-76E3-4EED-B6D2-6E804C5FDE5E}.Debug|Any CPU.ActiveCfg = Debug|Any CPU
		{C05054BB-76E3-4EED-B6D2-6E804C5FDE5E}.Debug|Any CPU.Build.0 = Debug|Any CPU
		{C05054BB-76E3-4EED-B6D2-6E804C5FDE5E}.Release|Any CPU.ActiveCfg = Release|Any CPU
		{C05054BB-76E3-4EED-B6D2-6E804C5FDE5E}.Release|Any CPU.Build.0 = Release|Any CPU
		{946C87DA-97BF-4787-9DE2-45F3965D9201}.Debug|Any CPU.ActiveCfg = Debug|Any CPU
		{946C87DA-97BF-4787-9DE2-45F3965D9201}.Debug|Any CPU.Build.0 = Debug|Any CPU
		{946C87DA-97BF-4787-9DE2-45F3965D9201}.Release|Any CPU.ActiveCfg = Release|Any CPU
		{946C87DA-97BF-4787-9DE2-45F3965D9201}.Release|Any CPU.Build.0 = Release|Any CPU
	EndGlobalSection
	GlobalSection(SolutionProperties) = preSolution
		HideSolutionNode = FALSE
	EndGlobalSection
	GlobalSection(ExtensibilityGlobals) = postSolution
		SolutionGuid = {3E3F8CAF-FC25-43CB-A948-447BBBE17D27}
	EndGlobalSection
EndGlobal
