
Microsoft Visual Studio Solution File, Format Version 12.00
# Visual Studio Version 17
VisualStudioVersion = 17.10.35013.160
MinimumVisualStudioVersion = 10.0.40219.1
Project("{FAE04EC0-301F-11D3-BF4B-00C04F79EFBC}") = "SP_AddNewPerson", "SP_AddNewPerson.csproj", "{A28F2D9E-8829-4AD5-857A-E706644B8668}"
EndProject
Global
	GlobalSection(SolutionConfigurationPlatforms) = preSolution
		Debug|Any CPU = Debug|Any CPU
		Release|Any CPU = Release|Any CPU
	EndGlobalSection
	GlobalSection(ProjectConfigurationPlatforms) = postSolution
		{A28F2D9E-8829-4AD5-857A-E706644B8668}.Debug|Any CPU.ActiveCfg = Debug|Any CPU
		{A28F2D9E-8829-4AD5-857A-E706644B8668}.Debug|Any CPU.Build.0 = Debug|Any CPU
		{A28F2D9E-8829-4AD5-857A-E706644B8668}.Release|Any CPU.ActiveCfg = Release|Any CPU
		{A28F2D9E-8829-4AD5-857A-E706644B8668}.Release|Any CPU.Build.0 = Release|Any CPU
	EndGlobalSection
	GlobalSection(SolutionProperties) = preSolution
		HideSolutionNode = FALSE
	EndGlobalSection
	GlobalSection(ExtensibilityGlobals) = postSolution
		SolutionGuid = {D26BFB16-5336-4641-B594-E4F65308B51C}
	EndGlobalSection
EndGlobal
