
Microsoft Visual Studio Solution File, Format Version 12.00
# Visual Studio Version 17
VisualStudioVersion = 17.8.34408.163
MinimumVisualStudioVersion = 10.0.40219.1
Project("{FAE04EC0-301F-11D3-BF4B-00C04F79EFBC}") = "16 DataTableSorting", "16 DataTableSorting.csproj", "{CC1A31B3-DDCB-4619-BAB6-32B98611B62D}"
EndProject
Global
	GlobalSection(SolutionConfigurationPlatforms) = preSolution
		Debug|Any CPU = Debug|Any CPU
		Release|Any CPU = Release|Any CPU
	EndGlobalSection
	GlobalSection(ProjectConfigurationPlatforms) = postSolution
		{CC1A31B3-DDCB-4619-BAB6-32B98611B62D}.Debug|Any CPU.ActiveCfg = Debug|Any CPU
		{CC1A31B3-DDCB-4619-BAB6-32B98611B62D}.Debug|Any CPU.Build.0 = Debug|Any CPU
		{CC1A31B3-DDCB-4619-BAB6-32B98611B62D}.Release|Any CPU.ActiveCfg = Release|Any CPU
		{CC1A31B3-DDCB-4619-BAB6-32B98611B62D}.Release|Any CPU.Build.0 = Release|Any CPU
	EndGlobalSection
	GlobalSection(SolutionProperties) = preSolution
		HideSolutionNode = FALSE
	EndGlobalSection
	GlobalSection(ExtensibilityGlobals) = postSolution
		SolutionGuid = {54342208-925D-40CE-861B-C84C0F911279}
	EndGlobalSection
EndGlobal
