
Microsoft Visual Studio Solution File, Format Version 12.00
# Visual Studio Version 17
VisualStudioVersion = 17.10.35013.160
MinimumVisualStudioVersion = 10.0.40219.1
Project("{FAE04EC0-301F-11D3-BF4B-00C04F79EFBC}") = "Reflection.TypeCalss", "Reflection.TypeCalss\Reflection.TypeCalss.csproj", "{A5DFBD7F-F101-48EC-B84B-58964D3D1CDA}"
EndProject
Project("{FAE04EC0-301F-11D3-BF4B-00C04F79EFBC}") = "NavigateThroughStringLibrary", "NavigateThroughStringLibrary\NavigateThroughStringLibrary.csproj", "{53FD6965-2069-4E8E-A213-5740B1443C9D}"
EndProject
Project("{FAE04EC0-301F-11D3-BF4B-00C04F79EFBC}") = "Refliction Example 2", "Refliction Example 2\Refliction Example 2.csproj", "{29096E6E-0941-4A00-BCB9-A7DD4F1BE55F}"
EndProject
Project("{FAE04EC0-301F-11D3-BF4B-00C04F79EFBC}") = "ReflectionWithCustomAttributes", "ReflectionWithCustomAttributes\ReflectionWithCustomAttributes.csproj", "{DAFE96B1-C036-4921-A71A-7A8DD19E4DC5}"
EndProject
Project("{FAE04EC0-301F-11D3-BF4B-00C04F79EFBC}") = "CustomAttributesForValidationExample", "CustomAttributesForValidationExample\CustomAttributesForValidationExample.csproj", "{07371A78-57AF-4B6C-A9DF-A0A5D2E28D8F}"
EndProject
Global
	GlobalSection(SolutionConfigurationPlatforms) = preSolution
		Debug|Any CPU = Debug|Any CPU
		Release|Any CPU = Release|Any CPU
	EndGlobalSection
	GlobalSection(ProjectConfigurationPlatforms) = postSolution
		{A5DFBD7F-F101-48EC-B84B-58964D3D1CDA}.Debug|Any CPU.ActiveCfg = Debug|Any CPU
		{A5DFBD7F-F101-48EC-B84B-58964D3D1CDA}.Debug|Any CPU.Build.0 = Debug|Any CPU
		{A5DFBD7F-F101-48EC-B84B-58964D3D1CDA}.Release|Any CPU.ActiveCfg = Release|Any CPU
		{A5DFBD7F-F101-48EC-B84B-58964D3D1CDA}.Release|Any CPU.Build.0 = Release|Any CPU
		{53FD6965-2069-4E8E-A213-5740B1443C9D}.Debug|Any CPU.ActiveCfg = Debug|Any CPU
		{53FD6965-2069-4E8E-A213-5740B1443C9D}.Debug|Any CPU.Build.0 = Debug|Any CPU
		{53FD6965-2069-4E8E-A213-5740B1443C9D}.Release|Any CPU.ActiveCfg = Release|Any CPU
		{53FD6965-2069-4E8E-A213-5740B1443C9D}.Release|Any CPU.Build.0 = Release|Any CPU
		{29096E6E-0941-4A00-BCB9-A7DD4F1BE55F}.Debug|Any CPU.ActiveCfg = Debug|Any CPU
		{29096E6E-0941-4A00-BCB9-A7DD4F1BE55F}.Debug|Any CPU.Build.0 = Debug|Any CPU
		{29096E6E-0941-4A00-BCB9-A7DD4F1BE55F}.Release|Any CPU.ActiveCfg = Release|Any CPU
		{29096E6E-0941-4A00-BCB9-A7DD4F1BE55F}.Release|Any CPU.Build.0 = Release|Any CPU
		{DAFE96B1-C036-4921-A71A-7A8DD19E4DC5}.Debug|Any CPU.ActiveCfg = Debug|Any CPU
		{DAFE96B1-C036-4921-A71A-7A8DD19E4DC5}.Debug|Any CPU.Build.0 = Debug|Any CPU
		{DAFE96B1-C036-4921-A71A-7A8DD19E4DC5}.Release|Any CPU.ActiveCfg = Release|Any CPU
		{DAFE96B1-C036-4921-A71A-7A8DD19E4DC5}.Release|Any CPU.Build.0 = Release|Any CPU
		{07371A78-57AF-4B6C-A9DF-A0A5D2E28D8F}.Debug|Any CPU.ActiveCfg = Debug|Any CPU
		{07371A78-57AF-4B6C-A9DF-A0A5D2E28D8F}.Debug|Any CPU.Build.0 = Debug|Any CPU
		{07371A78-57AF-4B6C-A9DF-A0A5D2E28D8F}.Release|Any CPU.ActiveCfg = Release|Any CPU
		{07371A78-57AF-4B6C-A9DF-A0A5D2E28D8F}.Release|Any CPU.Build.0 = Release|Any CPU
	EndGlobalSection
	GlobalSection(SolutionProperties) = preSolution
		HideSolutionNode = FALSE
	EndGlobalSection
	GlobalSection(ExtensibilityGlobals) = postSolution
		SolutionGuid = {40C0FC7A-696C-4073-A237-E9679D646B1C}
	EndGlobalSection
EndGlobal
