
Microsoft Visual Studio Solution File, Format Version 12.00
# Visual Studio Version 17
VisualStudioVersion = 17.10.35013.160
MinimumVisualStudioVersion = 10.0.40219.1
Project("{FAE04EC0-301F-11D3-BF4B-00C04F79EFBC}") = "01 NotificationService", "NotificationService\01 NotificationService.csproj", "{DA8C4758-B432-46D5-B66C-DE8E0F8F5D54}"
EndProject
Project("{FAE04EC0-301F-11D3-BF4B-00C04F79EFBC}") = "02 LoggingService", "LoggingService\02 LoggingService.csproj", "{33F4D467-E5CC-4187-9E26-A6A36D7B1C3B}"
EndProject
Project("{FAE04EC0-301F-11D3-BF4B-00C04F79EFBC}") = "03 PaymentService", "PaymentService\03 PaymentService.csproj", "{BF774716-BA6F-4912-8E08-0C028BD0B977}"
EndProject
Global
	GlobalSection(SolutionConfigurationPlatforms) = preSolution
		Debug|Any CPU = Debug|Any CPU
		Release|Any CPU = Release|Any CPU
	EndGlobalSection
	GlobalSection(ProjectConfigurationPlatforms) = postSolution
		{DA8C4758-B432-46D5-B66C-DE8E0F8F5D54}.Debug|Any CPU.ActiveCfg = Debug|Any CPU
		{DA8C4758-B432-46D5-B66C-DE8E0F8F5D54}.Debug|Any CPU.Build.0 = Debug|Any CPU
		{DA8C4758-B432-46D5-B66C-DE8E0F8F5D54}.Release|Any CPU.ActiveCfg = Release|Any CPU
		{DA8C4758-B432-46D5-B66C-DE8E0F8F5D54}.Release|Any CPU.Build.0 = Release|Any CPU
		{33F4D467-E5CC-4187-9E26-A6A36D7B1C3B}.Debug|Any CPU.ActiveCfg = Debug|Any CPU
		{33F4D467-E5CC-4187-9E26-A6A36D7B1C3B}.Debug|Any CPU.Build.0 = Debug|Any CPU
		{33F4D467-E5CC-4187-9E26-A6A36D7B1C3B}.Release|Any CPU.ActiveCfg = Release|Any CPU
		{33F4D467-E5CC-4187-9E26-A6A36D7B1C3B}.Release|Any CPU.Build.0 = Release|Any CPU
		{BF774716-BA6F-4912-8E08-0C028BD0B977}.Debug|Any CPU.ActiveCfg = Debug|Any CPU
		{BF774716-BA6F-4912-8E08-0C028BD0B977}.Debug|Any CPU.Build.0 = Debug|Any CPU
		{BF774716-BA6F-4912-8E08-0C028BD0B977}.Release|Any CPU.ActiveCfg = Release|Any CPU
		{BF774716-BA6F-4912-8E08-0C028BD0B977}.Release|Any CPU.Build.0 = Release|Any CPU
	EndGlobalSection
	GlobalSection(SolutionProperties) = preSolution
		HideSolutionNode = FALSE
	EndGlobalSection
	GlobalSection(ExtensibilityGlobals) = postSolution
		SolutionGuid = {CBD101BF-FB84-4D4C-8623-7631B660C5DD}
	EndGlobalSection
EndGlobal
