
Microsoft Visual Studio Solution File, Format Version 12.00
# Visual Studio Version 17
VisualStudioVersion = 17.10.35013.160
MinimumVisualStudioVersion = 10.0.40219.1
Project("{FAE04EC0-301F-11D3-BF4B-00C04F79EFBC}") = "00 ObservableCollection", "ObservableCollection\00 ObservableCollection.csproj", "{6EE8663F-D48D-46A5-952B-D49566F7DA1D}"
EndProject
Project("{FAE04EC0-301F-11D3-BF4B-00C04F79EFBC}") = "01 RespondingToChangeInOC", "RespondingToChangeInOC\01 RespondingToChangeInOC.csproj", "{B7740EC7-04C6-4537-B4FB-0523DBE4945E}"
EndProject
Project("{FAE04EC0-301F-11D3-BF4B-00C04F79EFBC}") = "02 PracticeOnObservableCollection", "PracticeOnObservableCollection\02 PracticeOnObservableCollection.csproj", "{30A3B9C7-7011-4777-8FF4-E8831BF71564}"
EndProject
Global
	GlobalSection(SolutionConfigurationPlatforms) = preSolution
		Debug|Any CPU = Debug|Any CPU
		Release|Any CPU = Release|Any CPU
	EndGlobalSection
	GlobalSection(ProjectConfigurationPlatforms) = postSolution
		{6EE8663F-D48D-46A5-952B-D49566F7DA1D}.Debug|Any CPU.ActiveCfg = Debug|Any CPU
		{6EE8663F-D48D-46A5-952B-D49566F7DA1D}.Debug|Any CPU.Build.0 = Debug|Any CPU
		{6EE8663F-D48D-46A5-952B-D49566F7DA1D}.Release|Any CPU.ActiveCfg = Release|Any CPU
		{6EE8663F-D48D-46A5-952B-D49566F7DA1D}.Release|Any CPU.Build.0 = Release|Any CPU
		{B7740EC7-04C6-4537-B4FB-0523DBE4945E}.Debug|Any CPU.ActiveCfg = Debug|Any CPU
		{B7740EC7-04C6-4537-B4FB-0523DBE4945E}.Debug|Any CPU.Build.0 = Debug|Any CPU
		{B7740EC7-04C6-4537-B4FB-0523DBE4945E}.Release|Any CPU.ActiveCfg = Release|Any CPU
		{B7740EC7-04C6-4537-B4FB-0523DBE4945E}.Release|Any CPU.Build.0 = Release|Any CPU
		{30A3B9C7-7011-4777-8FF4-E8831BF71564}.Debug|Any CPU.ActiveCfg = Debug|Any CPU
		{30A3B9C7-7011-4777-8FF4-E8831BF71564}.Debug|Any CPU.Build.0 = Debug|Any CPU
		{30A3B9C7-7011-4777-8FF4-E8831BF71564}.Release|Any CPU.ActiveCfg = Release|Any CPU
		{30A3B9C7-7011-4777-8FF4-E8831BF71564}.Release|Any CPU.Build.0 = Release|Any CPU
	EndGlobalSection
	GlobalSection(SolutionProperties) = preSolution
		HideSolutionNode = FALSE
	EndGlobalSection
	GlobalSection(ExtensibilityGlobals) = postSolution
		SolutionGuid = {14AF4ECC-2A10-4207-8C97-92878B782A6C}
	EndGlobalSection
EndGlobal
