
Microsoft Visual Studio Solution File, Format Version 12.00
# Visual Studio Version 17
VisualStudioVersion = 17.10.35013.160
MinimumVisualStudioVersion = 10.0.40219.1
Project("{FAE04EC0-301F-11D3-BF4B-00C04F79EFBC}") = "SpecialComments", "SpecialComments.csproj", "{48BC1FE5-5451-438C-8D8B-7B2657C8D48D}"
EndProject
Global
	GlobalSection(SolutionConfigurationPlatforms) = preSolution
		Debug|Any CPU = Debug|Any CPU
		Release|Any CPU = Release|Any CPU
	EndGlobalSection
	GlobalSection(ProjectConfigurationPlatforms) = postSolution
		{48BC1FE5-5451-438C-8D8B-7B2657C8D48D}.Debug|Any CPU.ActiveCfg = Debug|Any CPU
		{48BC1FE5-5451-438C-8D8B-7B2657C8D48D}.Debug|Any CPU.Build.0 = Debug|Any CPU
		{48BC1FE5-5451-438C-8D8B-7B2657C8D48D}.Release|Any CPU.ActiveCfg = Release|Any CPU
		{48BC1FE5-5451-438C-8D8B-7B2657C8D48D}.Release|Any CPU.Build.0 = Release|Any CPU
	EndGlobalSection
	GlobalSection(SolutionProperties) = preSolution
		HideSolutionNode = FALSE
	EndGlobalSection
	GlobalSection(ExtensibilityGlobals) = postSolution
		SolutionGuid = {74F61BDE-3E0C-4539-95B2-859F15FA03A5}
	EndGlobalSection
EndGlobal
